// !$*UTF8*$!
{
	archiveVersion = 1;
	classes = {
	};
	objectVersion = 46;
	objects = {

/* Begin PBXBuildFile section */
		2D4B57471C60A05E006A1BF1 /* RTTransfer.cpp in Sources */ = {isa = PBXBuildFile; fileRef = 2D4B57451C60A05E006A1BF1 /* RTTransfer.cpp */; };
		2D4B57621C60A737006A1BF1 /* RTConnHttp.cpp in Sources */ = {isa = PBXBuildFile; fileRef = 2D4B575A1C60A737006A1BF1 /* RTConnHttp.cpp */; };
		2D4B57631C60A737006A1BF1 /* RTConnHttp.h in Headers */ = {isa = PBXBuildFile; fileRef = 2D4B575B1C60A737006A1BF1 /* RTConnHttp.h */; };
		2D4B57641C60A737006A1BF1 /* RTHttp.cpp in Sources */ = {isa = PBXBuildFile; fileRef = 2D4B575C1C60A737006A1BF1 /* RTHttp.cpp */; };
		2D4B57651C60A737006A1BF1 /* RTHttp.h in Headers */ = {isa = PBXBuildFile; fileRef = 2D4B575D1C60A737006A1BF1 /* RTHttp.h */; };
		2D4B57661C60A737006A1BF1 /* RTHttpSender.cpp in Sources */ = {isa = PBXBuildFile; fileRef = 2D4B575E1C60A737006A1BF1 /* RTHttpSender.cpp */; };
		2D4B57671C60A737006A1BF1 /* RTHttpSender.h in Headers */ = {isa = PBXBuildFile; fileRef = 2D4B575F1C60A737006A1BF1 /* RTHttpSender.h */; };
		2D4B57681C60A737006A1BF1 /* RTHttpSvrConn.cpp in Sources */ = {isa = PBXBuildFile; fileRef = 2D4B57601C60A737006A1BF1 /* RTHttpSvrConn.cpp */; };
		2D4B57691C60A737006A1BF1 /* RTHttpSvrConn.h in Headers */ = {isa = PBXBuildFile; fileRef = 2D4B57611C60A737006A1BF1 /* RTHttpSvrConn.h */; };
		2D4B576A1C60AB02006A1BF1 /* RTTransfer.cpp in Sources */ = {isa = PBXBuildFile; fileRef = 2D4B57451C60A05E006A1BF1 /* RTTransfer.cpp */; };
		E615DAFD1C8AE7D400A837B9 /* RTZKClient.cpp in Sources */ = {isa = PBXBuildFile; fileRef = E615DAFB1C8AE7D400A837B9 /* RTZKClient.cpp */; };
		E615DAFE1C8AE7D400A837B9 /* RTZKClient.hpp in Headers */ = {isa = PBXBuildFile; fileRef = E615DAFC1C8AE7D400A837B9 /* RTZKClient.hpp */; };
		E615DC641C8C323E00A837B9 /* libzkclient.a in Frameworks */ = {isa = PBXBuildFile; fileRef = E615DC631C8C323700A837B9 /* libzkclient.a */; };
		E63540311C5B321200FC1EF9 /* RTUtils.cpp in Sources */ = {isa = PBXBuildFile; fileRef = E635402F1C5B321200FC1EF9 /* RTUtils.cpp */; };
		E63540321C5B321200FC1EF9 /* RTUtils.hpp in Headers */ = {isa = PBXBuildFile; fileRef = E63540301C5B321200FC1EF9 /* RTUtils.hpp */; };
		E66B59B01C4A506D0053161E /* main.cpp in Sources */ = {isa = PBXBuildFile; fileRef = E66B59AF1C4A506D0053161E /* main.cpp */; };
		E66B59BB1C4A50C90053161E /* main.cpp in Sources */ = {isa = PBXBuildFile; fileRef = E66B59BA1C4A50C90053161E /* main.cpp */; };
		E66B59C61C4A50F10053161E /* main.cpp in Sources */ = {isa = PBXBuildFile; fileRef = E66B59C51C4A50F10053161E /* main.cpp */; };
		E66B5B7F1C4A55B10053161E /* RTHiredis.h in Headers */ = {isa = PBXBuildFile; fileRef = E66B59DB1C4A55B00053161E /* RTHiredis.h */; };
		E66B5B801C4A55B10053161E /* RTObserver.h in Headers */ = {isa = PBXBuildFile; fileRef = E66B59DC1C4A55B00053161E /* RTObserver.h */; };
		E66B5B811C4A55B10053161E /* RTObserverConnection.h in Headers */ = {isa = PBXBuildFile; fileRef = E66B59DD1C4A55B00053161E /* RTObserverConnection.h */; };
		E66B5B831C4A55B10053161E /* RTTcp.h in Headers */ = {isa = PBXBuildFile; fileRef = E66B59DF1C4A55B00053161E /* RTTcp.h */; };
		E66B5B841C4A55B10053161E /* RTType.h in Headers */ = {isa = PBXBuildFile; fileRef = E66B59E11C4A55B00053161E /* RTType.h */; };
		E66B5B851C4A55B10053161E /* StatusCode.h in Headers */ = {isa = PBXBuildFile; fileRef = E66B59E21C4A55B00053161E /* StatusCode.h */; };
		E66B5B871C4A55B10053161E /* RTMeetMsg.h in Headers */ = {isa = PBXBuildFile; fileRef = E66B59E51C4A55B00053161E /* RTMeetMsg.h */; };
		E66B5B891C4A55B10053161E /* RTMessage.h in Headers */ = {isa = PBXBuildFile; fileRef = E66B59E71C4A55B00053161E /* RTMessage.h */; };
		E66B5B8A1C4A55B10053161E /* RTMsg.h in Headers */ = {isa = PBXBuildFile; fileRef = E66B59E81C4A55B00053161E /* RTMsg.h */; };
		E66B5B8B1C4A55B10053161E /* RTMsgCommon.h in Headers */ = {isa = PBXBuildFile; fileRef = E66B59E91C4A55B00053161E /* RTMsgCommon.h */; };
		E66B5B8D1C4A55B10053161E /* RTSignalMsg.h in Headers */ = {isa = PBXBuildFile; fileRef = E66B59EB1C4A55B00053161E /* RTSignalMsg.h */; };
		E66B5CA51C4A55B10053161E /* PlatformHeader.h in Headers */ = {isa = PBXBuildFile; fileRef = E66B5B751C4A55B10053161E /* PlatformHeader.h */; };
		E66B5CA61C4A55B10053161E /* revision.h in Headers */ = {isa = PBXBuildFile; fileRef = E66B5B761C4A55B10053161E /* revision.h */; };
		E66B5CA81C4A55B10053161E /* sigslot.h in Headers */ = {isa = PBXBuildFile; fileRef = E66B5B781C4A55B10053161E /* sigslot.h */; };
		E66B5CB91C4A5B1B0053161E /* RTHiredis.cpp in Sources */ = {isa = PBXBuildFile; fileRef = E66B59DA1C4A55B00053161E /* RTHiredis.cpp */; };
		E66B5CBA1C4A5B1B0053161E /* RTTcp.cpp in Sources */ = {isa = PBXBuildFile; fileRef = E66B59DE1C4A55B00053161E /* RTTcp.cpp */; };
		E66B5CBB1C4A5B1B0053161E /* RTMeetMsg.cpp in Sources */ = {isa = PBXBuildFile; fileRef = E66B59E41C4A55B00053161E /* RTMeetMsg.cpp */; };
		E66B5CBC1C4A5B1B0053161E /* RTMessage.cpp in Sources */ = {isa = PBXBuildFile; fileRef = E66B59E61C4A55B00053161E /* RTMessage.cpp */; };
		E66B5CBD1C4A5B1B0053161E /* RTSignalMsg.cpp in Sources */ = {isa = PBXBuildFile; fileRef = E66B59EA1C4A55B00053161E /* RTSignalMsg.cpp */; };
		E66B5CBE1C4A5B1B0053161E /* sigslot.cc in Sources */ = {isa = PBXBuildFile; fileRef = E66B5B771C4A55B10053161E /* sigslot.cc */; };
		E66B5D361C4A74410053161E /* CRTConnectionManager.cpp in Sources */ = {isa = PBXBuildFile; fileRef = E66B5D301C4A74410053161E /* CRTConnectionManager.cpp */; };
		E66B5D371C4A74410053161E /* CRTConnector.cpp in Sources */ = {isa = PBXBuildFile; fileRef = E66B5D321C4A74410053161E /* CRTConnector.cpp */; };
		E66B5D381C4A74410053161E /* CRTDispatchConnection.cpp in Sources */ = {isa = PBXBuildFile; fileRef = E66B5D341C4A74410053161E /* CRTDispatchConnection.cpp */; };
		E66B5D691C4A749B0053161E /* CRTConnection.cpp in Sources */ = {isa = PBXBuildFile; fileRef = E66B5D551C4A749B0053161E /* CRTConnection.cpp */; };
		E66B5D6A1C4A749B0053161E /* CRTConnectionTcp.cpp in Sources */ = {isa = PBXBuildFile; fileRef = E66B5D571C4A749B0053161E /* CRTConnectionTcp.cpp */; };
		E66B5D6B1C4A749B0053161E /* CRTConnHttp.cpp in Sources */ = {isa = PBXBuildFile; fileRef = E66B5D591C4A749B0053161E /* CRTConnHttp.cpp */; };
		E66B5D6C1C4A749B0053161E /* CRTConnTcp.cpp in Sources */ = {isa = PBXBuildFile; fileRef = E66B5D5B1C4A749B0053161E /* CRTConnTcp.cpp */; };
		E66B5D6D1C4A749B0053161E /* CRTConnListener.cpp in Sources */ = {isa = PBXBuildFile; fileRef = E66B5D5E1C4A749B0053161E /* CRTConnListener.cpp */; };
		E66B5D6E1C4A749B0053161E /* CRTConnTcpListener.cpp in Sources */ = {isa = PBXBuildFile; fileRef = E66B5D601C4A749B0053161E /* CRTConnTcpListener.cpp */; };
		E66B5D6F1C4A749B0053161E /* CRTModuleListener.cpp in Sources */ = {isa = PBXBuildFile; fileRef = E66B5D621C4A749B0053161E /* CRTModuleListener.cpp */; };
		E66B5D711C4A749B0053161E /* CRTTransferSession.cpp in Sources */ = {isa = PBXBuildFile; fileRef = E66B5D671C4A749B0053161E /* CRTTransferSession.cpp */; };
		E66B5D7E1C4A79FF0053161E /* DRTConnectionManager.cpp in Sources */ = {isa = PBXBuildFile; fileRef = E66B5D721C4A79FF0053161E /* DRTConnectionManager.cpp */; };
		E66B5D7F1C4A79FF0053161E /* DRTModuleListener.cpp in Sources */ = {isa = PBXBuildFile; fileRef = E66B5D751C4A79FF0053161E /* DRTModuleListener.cpp */; };
		E66B5D801C4A79FF0053161E /* DRTMsgQueue.cpp in Sources */ = {isa = PBXBuildFile; fileRef = E66B5D771C4A79FF0053161E /* DRTMsgQueue.cpp */; };
		E66B5D821C4A79FF0053161E /* DRTTransferSession.cpp in Sources */ = {isa = PBXBuildFile; fileRef = E66B5D7C1C4A79FF0053161E /* DRTTransferSession.cpp */; };
		E66B5D9A1C4A7E180053161E /* MRTConnectionManager.cpp in Sources */ = {isa = PBXBuildFile; fileRef = E66B5D831C4A7E180053161E /* MRTConnectionManager.cpp */; };
		E66B5D9E1C4A7E180053161E /* MRTHttpSvrConn.cpp in Sources */ = {isa = PBXBuildFile; fileRef = E66B5D8D1C4A7E180053161E /* MRTHttpSvrConn.cpp */; };
		E66B5D9F1C4A7E180053161E /* MRTMeeting.cpp in Sources */ = {isa = PBXBuildFile; fileRef = E66B5D8F1C4A7E180053161E /* MRTMeeting.cpp */; };
		E66B5DA01C4A7E180053161E /* MRTMeetingRoom.cpp in Sources */ = {isa = PBXBuildFile; fileRef = E66B5D911C4A7E180053161E /* MRTMeetingRoom.cpp */; };
		E66B5DA11C4A7E180053161E /* MRTRoomManager.cpp in Sources */ = {isa = PBXBuildFile; fileRef = E66B5D931C4A7E180053161E /* MRTRoomManager.cpp */; };
		E66B5DA31C4A7E180053161E /* MRTTransferSession.cpp in Sources */ = {isa = PBXBuildFile; fileRef = E66B5D981C4A7E180053161E /* MRTTransferSession.cpp */; };
		E66B5DA71C4A80640053161E /* RTHttpMsg.cpp in Sources */ = {isa = PBXBuildFile; fileRef = E66B5DA41C4A80410053161E /* RTHttpMsg.cpp */; };
		E6B08C741C5320D200D1BB6D /* config_parser.cpp in Sources */ = {isa = PBXBuildFile; fileRef = E6B08C721C5320D200D1BB6D /* config_parser.cpp */; };
		E6B08CE71C5327DA00D1BB6D /* libhiredis.a in Frameworks */ = {isa = PBXBuildFile; fileRef = E6B08CDD1C53271B00D1BB6D /* libhiredis.a */; };
		E6B08CE81C5327DA00D1BB6D /* libhttp.a in Frameworks */ = {isa = PBXBuildFile; fileRef = E6B08CE01C53271B00D1BB6D /* libhttp.a */; };
		E6B08CE91C5327DA00D1BB6D /* librtcomm.a in Frameworks */ = {isa = PBXBuildFile; fileRef = E6B08CE31C53271B00D1BB6D /* librtcomm.a */; };
		E6B08CEA1C5327DA00D1BB6D /* librtklog.a in Frameworks */ = {isa = PBXBuildFile; fileRef = E6B08CE61C53271B00D1BB6D /* librtklog.a */; };
		E6B08CEB1C53288700D1BB6D /* config_parser.cpp in Sources */ = {isa = PBXBuildFile; fileRef = E6B08C721C5320D200D1BB6D /* config_parser.cpp */; };
		E6B08CEC1C53289000D1BB6D /* config_parser.h in Headers */ = {isa = PBXBuildFile; fileRef = E6B08C731C5320D200D1BB6D /* config_parser.h */; };
		E6B08CED1C5328A600D1BB6D /* libMSCommon.a in Frameworks */ = {isa = PBXBuildFile; fileRef = E66B59CE1C4A516B0053161E /* libMSCommon.a */; };
		E6B08CEE1C5328AC00D1BB6D /* libMSCommon.a in Frameworks */ = {isa = PBXBuildFile; fileRef = E66B59CE1C4A516B0053161E /* libMSCommon.a */; };
		E6B08CEF1C5328B200D1BB6D /* libMSCommon.a in Frameworks */ = {isa = PBXBuildFile; fileRef = E66B59CE1C4A516B0053161E /* libMSCommon.a */; };
		E6B08D201C5755C400D1BB6D /* RTJSBuffer.cpp in Sources */ = {isa = PBXBuildFile; fileRef = E6B08D1E1C5755C400D1BB6D /* RTJSBuffer.cpp */; };
		E6B08D211C57560F00D1BB6D /* RTJSBuffer.cpp in Sources */ = {isa = PBXBuildFile; fileRef = E6B08D1E1C5755C400D1BB6D /* RTJSBuffer.cpp */; };
		E6D732481C758B8E0076620E /* RTDispatch.cpp in Sources */ = {isa = PBXBuildFile; fileRef = E6D732461C758B8E0076620E /* RTDispatch.cpp */; };
		E6D732501C75B5410076620E /* RTDispatch.cpp in Sources */ = {isa = PBXBuildFile; fileRef = E6D732461C758B8E0076620E /* RTDispatch.cpp */; };
		E6D7325F1C784CA80076620E /* DRTHttpSvrConn.cpp in Sources */ = {isa = PBXBuildFile; fileRef = E6D7325B1C784CA80076620E /* DRTHttpSvrConn.cpp */; };
		E6D732601C784CA80076620E /* DRTMsgDispatch.cpp in Sources */ = {isa = PBXBuildFile; fileRef = E6D7325D1C784CA80076620E /* DRTMsgDispatch.cpp */; };
/* End PBXBuildFile section */

/* Begin PBXContainerItemProxy section */
		E615DC621C8C323700A837B9 /* PBXContainerItemProxy */ = {
			isa = PBXContainerItemProxy;
			containerPortal = E615DC5E1C8C323700A837B9 /* zkclient.xcodeproj */;
			proxyType = 2;
			remoteGlobalIDString = E615DB1A1C8C2D3300A837B9;
			remoteInfo = zkclient;
		};
		E6B08CDC1C53271B00D1BB6D /* PBXContainerItemProxy */ = {
			isa = PBXContainerItemProxy;
			containerPortal = E6B08CCE1C53271A00D1BB6D /* hiredis.xcodeproj */;
			proxyType = 2;
			remoteGlobalIDString = E6806A401C05645900C4AF8A;
			remoteInfo = hiredis;
		};
		E6B08CDF1C53271B00D1BB6D /* PBXContainerItemProxy */ = {
			isa = PBXContainerItemProxy;
			containerPortal = E6B08CD11C53271A00D1BB6D /* http.xcodeproj */;
			proxyType = 2;
			remoteGlobalIDString = E6FE4D341BC7E1FC00ED97ED;
			remoteInfo = http;
		};
		E6B08CE21C53271B00D1BB6D /* PBXContainerItemProxy */ = {
			isa = PBXContainerItemProxy;
			containerPortal = E6B08CD41C53271A00D1BB6D /* rtcomm.xcodeproj */;
			proxyType = 2;
			remoteGlobalIDString = E6FE463A1BC7BEED00ED97ED;
			remoteInfo = rtcomm;
		};
		E6B08CE51C53271B00D1BB6D /* PBXContainerItemProxy */ = {
			isa = PBXContainerItemProxy;
			containerPortal = E6B08CD81C53271A00D1BB6D /* rtklog.xcodeproj */;
			proxyType = 2;
			remoteGlobalIDString = E6FE49C71BC7C8C500ED97ED;
			remoteInfo = rtklog;
		};
/* End PBXContainerItemProxy section */

/* Begin PBXCopyFilesBuildPhase section */
		E66B59AB1C4A506D0053161E /* CopyFiles */ = {
			isa = PBXCopyFilesBuildPhase;
			buildActionMask = 2147483647;
			dstPath = /usr/share/man/man1/;
			dstSubfolderSpec = 0;
			files = (
			);
			runOnlyForDeploymentPostprocessing = 1;
		};
		E66B59B61C4A50C90053161E /* CopyFiles */ = {
			isa = PBXCopyFilesBuildPhase;
			buildActionMask = 2147483647;
			dstPath = /usr/share/man/man1/;
			dstSubfolderSpec = 0;
			files = (
			);
			runOnlyForDeploymentPostprocessing = 1;
		};
		E66B59C11C4A50F10053161E /* CopyFiles */ = {
			isa = PBXCopyFilesBuildPhase;
			buildActionMask = 2147483647;
			dstPath = /usr/share/man/man1/;
			dstSubfolderSpec = 0;
			files = (
			);
			runOnlyForDeploymentPostprocessing = 1;
		};
/* End PBXCopyFilesBuildPhase section */

/* Begin PBXFileReference section */
		2D4B57451C60A05E006A1BF1 /* RTTransfer.cpp */ = {isa = PBXFileReference; fileEncoding = 4; lastKnownFileType = sourcecode.cpp.cpp; path = RTTransfer.cpp; sourceTree = "<group>"; };
		2D4B57461C60A05E006A1BF1 /* RTTransfer.h */ = {isa = PBXFileReference; fileEncoding = 4; lastKnownFileType = sourcecode.c.h; path = RTTransfer.h; sourceTree = "<group>"; };
		2D4B575A1C60A737006A1BF1 /* RTConnHttp.cpp */ = {isa = PBXFileReference; fileEncoding = 4; lastKnownFileType = sourcecode.cpp.cpp; path = RTConnHttp.cpp; sourceTree = "<group>"; };
		2D4B575B1C60A737006A1BF1 /* RTConnHttp.h */ = {isa = PBXFileReference; fileEncoding = 4; lastKnownFileType = sourcecode.c.h; path = RTConnHttp.h; sourceTree = "<group>"; };
		2D4B575C1C60A737006A1BF1 /* RTHttp.cpp */ = {isa = PBXFileReference; fileEncoding = 4; lastKnownFileType = sourcecode.cpp.cpp; path = RTHttp.cpp; sourceTree = "<group>"; };
		2D4B575D1C60A737006A1BF1 /* RTHttp.h */ = {isa = PBXFileReference; fileEncoding = 4; lastKnownFileType = sourcecode.c.h; path = RTHttp.h; sourceTree = "<group>"; };
		2D4B575E1C60A737006A1BF1 /* RTHttpSender.cpp */ = {isa = PBXFileReference; fileEncoding = 4; lastKnownFileType = sourcecode.cpp.cpp; path = RTHttpSender.cpp; sourceTree = "<group>"; };
		2D4B575F1C60A737006A1BF1 /* RTHttpSender.h */ = {isa = PBXFileReference; fileEncoding = 4; lastKnownFileType = sourcecode.c.h; path = RTHttpSender.h; sourceTree = "<group>"; };
		2D4B57601C60A737006A1BF1 /* RTHttpSvrConn.cpp */ = {isa = PBXFileReference; fileEncoding = 4; lastKnownFileType = sourcecode.cpp.cpp; path = RTHttpSvrConn.cpp; sourceTree = "<group>"; };
		2D4B57611C60A737006A1BF1 /* RTHttpSvrConn.h */ = {isa = PBXFileReference; fileEncoding = 4; lastKnownFileType = sourcecode.c.h; path = RTHttpSvrConn.h; sourceTree = "<group>"; };
		E615DAFB1C8AE7D400A837B9 /* RTZKClient.cpp */ = {isa = PBXFileReference; fileEncoding = 4; lastKnownFileType = sourcecode.cpp.cpp; path = RTZKClient.cpp; sourceTree = "<group>"; };
		E615DAFC1C8AE7D400A837B9 /* RTZKClient.hpp */ = {isa = PBXFileReference; fileEncoding = 4; lastKnownFileType = sourcecode.cpp.h; path = RTZKClient.hpp; sourceTree = "<group>"; };
		E615DC5E1C8C323700A837B9 /* zkclient.xcodeproj */ = {isa = PBXFileReference; lastKnownFileType = "wrapper.pb-project"; name = zkclient.xcodeproj; path = MsgServer/MSCommon/MSThirdParty/zkclient.xcodeproj; sourceTree = "<group>"; };
		E635402F1C5B321200FC1EF9 /* RTUtils.cpp */ = {isa = PBXFileReference; fileEncoding = 4; lastKnownFileType = sourcecode.cpp.cpp; path = RTUtils.cpp; sourceTree = "<group>"; };
		E63540301C5B321200FC1EF9 /* RTUtils.hpp */ = {isa = PBXFileReference; fileEncoding = 4; lastKnownFileType = sourcecode.cpp.h; path = RTUtils.hpp; sourceTree = "<group>"; };
		E66B59AD1C4A506D0053161E /* MsgServerConnector */ = {isa = PBXFileReference; explicitFileType = "compiled.mach-o.executable"; includeInIndex = 0; path = MsgServerConnector; sourceTree = BUILT_PRODUCTS_DIR; };
		E66B59AF1C4A506D0053161E /* main.cpp */ = {isa = PBXFileReference; lastKnownFileType = sourcecode.cpp.cpp; path = main.cpp; sourceTree = "<group>"; };
		E66B59B81C4A50C90053161E /* MsgServerDispatcher */ = {isa = PBXFileReference; explicitFileType = "compiled.mach-o.executable"; includeInIndex = 0; path = MsgServerDispatcher; sourceTree = BUILT_PRODUCTS_DIR; };
		E66B59BA1C4A50C90053161E /* main.cpp */ = {isa = PBXFileReference; lastKnownFileType = sourcecode.cpp.cpp; path = main.cpp; sourceTree = "<group>"; };
		E66B59C31C4A50F10053161E /* MsgServerMeeting */ = {isa = PBXFileReference; explicitFileType = "compiled.mach-o.executable"; includeInIndex = 0; path = MsgServerMeeting; sourceTree = BUILT_PRODUCTS_DIR; };
		E66B59C51C4A50F10053161E /* main.cpp */ = {isa = PBXFileReference; lastKnownFileType = sourcecode.cpp.cpp; path = main.cpp; sourceTree = "<group>"; };
		E66B59CE1C4A516B0053161E /* libMSCommon.a */ = {isa = PBXFileReference; explicitFileType = archive.ar; includeInIndex = 0; path = libMSCommon.a; sourceTree = BUILT_PRODUCTS_DIR; };
		E66B59DA1C4A55B00053161E /* RTHiredis.cpp */ = {isa = PBXFileReference; fileEncoding = 4; lastKnownFileType = sourcecode.cpp.cpp; path = RTHiredis.cpp; sourceTree = "<group>"; };
		E66B59DB1C4A55B00053161E /* RTHiredis.h */ = {isa = PBXFileReference; fileEncoding = 4; lastKnownFileType = sourcecode.c.h; path = RTHiredis.h; sourceTree = "<group>"; };
		E66B59DC1C4A55B00053161E /* RTObserver.h */ = {isa = PBXFileReference; fileEncoding = 4; lastKnownFileType = sourcecode.c.h; path = RTObserver.h; sourceTree = "<group>"; };
		E66B59DD1C4A55B00053161E /* RTObserverConnection.h */ = {isa = PBXFileReference; fileEncoding = 4; lastKnownFileType = sourcecode.c.h; path = RTObserverConnection.h; sourceTree = "<group>"; };
		E66B59DE1C4A55B00053161E /* RTTcp.cpp */ = {isa = PBXFileReference; fileEncoding = 4; lastKnownFileType = sourcecode.cpp.cpp; path = RTTcp.cpp; sourceTree = "<group>"; };
		E66B59DF1C4A55B00053161E /* RTTcp.h */ = {isa = PBXFileReference; fileEncoding = 4; lastKnownFileType = sourcecode.c.h; path = RTTcp.h; sourceTree = "<group>"; };
		E66B59E11C4A55B00053161E /* RTType.h */ = {isa = PBXFileReference; fileEncoding = 4; lastKnownFileType = sourcecode.c.h; path = RTType.h; sourceTree = "<group>"; };
		E66B59E21C4A55B00053161E /* StatusCode.h */ = {isa = PBXFileReference; fileEncoding = 4; lastKnownFileType = sourcecode.c.h; path = StatusCode.h; sourceTree = "<group>"; };
		E66B59E41C4A55B00053161E /* RTMeetMsg.cpp */ = {isa = PBXFileReference; fileEncoding = 4; lastKnownFileType = sourcecode.cpp.cpp; path = RTMeetMsg.cpp; sourceTree = "<group>"; };
		E66B59E51C4A55B00053161E /* RTMeetMsg.h */ = {isa = PBXFileReference; fileEncoding = 4; lastKnownFileType = sourcecode.c.h; path = RTMeetMsg.h; sourceTree = "<group>"; };
		E66B59E61C4A55B00053161E /* RTMessage.cpp */ = {isa = PBXFileReference; fileEncoding = 4; lastKnownFileType = sourcecode.cpp.cpp; path = RTMessage.cpp; sourceTree = "<group>"; };
		E66B59E71C4A55B00053161E /* RTMessage.h */ = {isa = PBXFileReference; fileEncoding = 4; lastKnownFileType = sourcecode.c.h; path = RTMessage.h; sourceTree = "<group>"; };
		E66B59E81C4A55B00053161E /* RTMsg.h */ = {isa = PBXFileReference; fileEncoding = 4; lastKnownFileType = sourcecode.c.h; path = RTMsg.h; sourceTree = "<group>"; };
		E66B59E91C4A55B00053161E /* RTMsgCommon.h */ = {isa = PBXFileReference; fileEncoding = 4; lastKnownFileType = sourcecode.c.h; path = RTMsgCommon.h; sourceTree = "<group>"; };
		E66B59EA1C4A55B00053161E /* RTSignalMsg.cpp */ = {isa = PBXFileReference; fileEncoding = 4; lastKnownFileType = sourcecode.cpp.cpp; path = RTSignalMsg.cpp; sourceTree = "<group>"; };
		E66B59EB1C4A55B00053161E /* RTSignalMsg.h */ = {isa = PBXFileReference; fileEncoding = 4; lastKnownFileType = sourcecode.c.h; path = RTSignalMsg.h; sourceTree = "<group>"; };
		E66B5B751C4A55B10053161E /* PlatformHeader.h */ = {isa = PBXFileReference; fileEncoding = 4; lastKnownFileType = sourcecode.c.h; path = PlatformHeader.h; sourceTree = "<group>"; };
		E66B5B761C4A55B10053161E /* revision.h */ = {isa = PBXFileReference; fileEncoding = 4; lastKnownFileType = sourcecode.c.h; path = revision.h; sourceTree = "<group>"; };
		E66B5B771C4A55B10053161E /* sigslot.cc */ = {isa = PBXFileReference; fileEncoding = 4; lastKnownFileType = sourcecode.cpp.cpp; path = sigslot.cc; sourceTree = "<group>"; };
		E66B5B781C4A55B10053161E /* sigslot.h */ = {isa = PBXFileReference; fileEncoding = 4; lastKnownFileType = sourcecode.c.h; path = sigslot.h; sourceTree = "<group>"; };
		E66B5D301C4A74410053161E /* CRTConnectionManager.cpp */ = {isa = PBXFileReference; fileEncoding = 4; lastKnownFileType = sourcecode.cpp.cpp; path = CRTConnectionManager.cpp; sourceTree = "<group>"; };
		E66B5D311C4A74410053161E /* CRTConnectionManager.h */ = {isa = PBXFileReference; fileEncoding = 4; lastKnownFileType = sourcecode.c.h; path = CRTConnectionManager.h; sourceTree = "<group>"; };
		E66B5D321C4A74410053161E /* CRTConnector.cpp */ = {isa = PBXFileReference; fileEncoding = 4; lastKnownFileType = sourcecode.cpp.cpp; path = CRTConnector.cpp; sourceTree = "<group>"; };
		E66B5D331C4A74410053161E /* CRTConnector.h */ = {isa = PBXFileReference; fileEncoding = 4; lastKnownFileType = sourcecode.c.h; path = CRTConnector.h; sourceTree = "<group>"; };
		E66B5D341C4A74410053161E /* CRTDispatchConnection.cpp */ = {isa = PBXFileReference; fileEncoding = 4; lastKnownFileType = sourcecode.cpp.cpp; path = CRTDispatchConnection.cpp; sourceTree = "<group>"; };
		E66B5D351C4A74410053161E /* CRTDispatchConnection.h */ = {isa = PBXFileReference; fileEncoding = 4; lastKnownFileType = sourcecode.c.h; path = CRTDispatchConnection.h; sourceTree = "<group>"; };
		E66B5D551C4A749B0053161E /* CRTConnection.cpp */ = {isa = PBXFileReference; fileEncoding = 4; lastKnownFileType = sourcecode.cpp.cpp; path = CRTConnection.cpp; sourceTree = "<group>"; };
		E66B5D561C4A749B0053161E /* CRTConnection.h */ = {isa = PBXFileReference; fileEncoding = 4; lastKnownFileType = sourcecode.c.h; path = CRTConnection.h; sourceTree = "<group>"; };
		E66B5D571C4A749B0053161E /* CRTConnectionTcp.cpp */ = {isa = PBXFileReference; fileEncoding = 4; lastKnownFileType = sourcecode.cpp.cpp; path = CRTConnectionTcp.cpp; sourceTree = "<group>"; };
		E66B5D581C4A749B0053161E /* CRTConnectionTcp.h */ = {isa = PBXFileReference; fileEncoding = 4; lastKnownFileType = sourcecode.c.h; path = CRTConnectionTcp.h; sourceTree = "<group>"; };
		E66B5D591C4A749B0053161E /* CRTConnHttp.cpp */ = {isa = PBXFileReference; fileEncoding = 4; lastKnownFileType = sourcecode.cpp.cpp; path = CRTConnHttp.cpp; sourceTree = "<group>"; };
		E66B5D5A1C4A749B0053161E /* CRTConnHttp.h */ = {isa = PBXFileReference; fileEncoding = 4; lastKnownFileType = sourcecode.c.h; path = CRTConnHttp.h; sourceTree = "<group>"; };
		E66B5D5B1C4A749B0053161E /* CRTConnTcp.cpp */ = {isa = PBXFileReference; fileEncoding = 4; lastKnownFileType = sourcecode.cpp.cpp; path = CRTConnTcp.cpp; sourceTree = "<group>"; };
		E66B5D5C1C4A749B0053161E /* CRTConnTcp.h */ = {isa = PBXFileReference; fileEncoding = 4; lastKnownFileType = sourcecode.c.h; path = CRTConnTcp.h; sourceTree = "<group>"; };
		E66B5D5E1C4A749B0053161E /* CRTConnListener.cpp */ = {isa = PBXFileReference; fileEncoding = 4; lastKnownFileType = sourcecode.cpp.cpp; path = CRTConnListener.cpp; sourceTree = "<group>"; };
		E66B5D5F1C4A749B0053161E /* CRTConnListener.h */ = {isa = PBXFileReference; fileEncoding = 4; lastKnownFileType = sourcecode.c.h; path = CRTConnListener.h; sourceTree = "<group>"; };
		E66B5D601C4A749B0053161E /* CRTConnTcpListener.cpp */ = {isa = PBXFileReference; fileEncoding = 4; lastKnownFileType = sourcecode.cpp.cpp; path = CRTConnTcpListener.cpp; sourceTree = "<group>"; };
		E66B5D611C4A749B0053161E /* CRTConnTcpListener.h */ = {isa = PBXFileReference; fileEncoding = 4; lastKnownFileType = sourcecode.c.h; path = CRTConnTcpListener.h; sourceTree = "<group>"; };
		E66B5D621C4A749B0053161E /* CRTModuleListener.cpp */ = {isa = PBXFileReference; fileEncoding = 4; lastKnownFileType = sourcecode.cpp.cpp; path = CRTModuleListener.cpp; sourceTree = "<group>"; };
		E66B5D631C4A749B0053161E /* CRTModuleListener.h */ = {isa = PBXFileReference; fileEncoding = 4; lastKnownFileType = sourcecode.c.h; path = CRTModuleListener.h; sourceTree = "<group>"; };
		E66B5D671C4A749B0053161E /* CRTTransferSession.cpp */ = {isa = PBXFileReference; fileEncoding = 4; lastKnownFileType = sourcecode.cpp.cpp; path = CRTTransferSession.cpp; sourceTree = "<group>"; };
		E66B5D681C4A749B0053161E /* CRTTransferSession.h */ = {isa = PBXFileReference; fileEncoding = 4; lastKnownFileType = sourcecode.c.h; path = CRTTransferSession.h; sourceTree = "<group>"; };
		E66B5D721C4A79FF0053161E /* DRTConnectionManager.cpp */ = {isa = PBXFileReference; fileEncoding = 4; lastKnownFileType = sourcecode.cpp.cpp; path = DRTConnectionManager.cpp; sourceTree = "<group>"; };
		E66B5D731C4A79FF0053161E /* DRTConnectionManager.h */ = {isa = PBXFileReference; fileEncoding = 4; lastKnownFileType = sourcecode.c.h; path = DRTConnectionManager.h; sourceTree = "<group>"; };
		E66B5D751C4A79FF0053161E /* DRTModuleListener.cpp */ = {isa = PBXFileReference; fileEncoding = 4; lastKnownFileType = sourcecode.cpp.cpp; path = DRTModuleListener.cpp; sourceTree = "<group>"; };
		E66B5D761C4A79FF0053161E /* DRTModuleListener.h */ = {isa = PBXFileReference; fileEncoding = 4; lastKnownFileType = sourcecode.c.h; path = DRTModuleListener.h; sourceTree = "<group>"; };
		E66B5D771C4A79FF0053161E /* DRTMsgQueue.cpp */ = {isa = PBXFileReference; fileEncoding = 4; lastKnownFileType = sourcecode.cpp.cpp; path = DRTMsgQueue.cpp; sourceTree = "<group>"; };
		E66B5D781C4A79FF0053161E /* DRTMsgQueue.h */ = {isa = PBXFileReference; fileEncoding = 4; lastKnownFileType = sourcecode.c.h; path = DRTMsgQueue.h; sourceTree = "<group>"; };
		E66B5D7C1C4A79FF0053161E /* DRTTransferSession.cpp */ = {isa = PBXFileReference; fileEncoding = 4; lastKnownFileType = sourcecode.cpp.cpp; path = DRTTransferSession.cpp; sourceTree = "<group>"; };
		E66B5D7D1C4A79FF0053161E /* DRTTransferSession.h */ = {isa = PBXFileReference; fileEncoding = 4; lastKnownFileType = sourcecode.c.h; path = DRTTransferSession.h; sourceTree = "<group>"; };
		E66B5D831C4A7E180053161E /* MRTConnectionManager.cpp */ = {isa = PBXFileReference; fileEncoding = 4; lastKnownFileType = sourcecode.cpp.cpp; path = MRTConnectionManager.cpp; sourceTree = "<group>"; };
		E66B5D841C4A7E180053161E /* MRTConnectionManager.h */ = {isa = PBXFileReference; fileEncoding = 4; lastKnownFileType = sourcecode.c.h; path = MRTConnectionManager.h; sourceTree = "<group>"; };
		E66B5D8D1C4A7E180053161E /* MRTHttpSvrConn.cpp */ = {isa = PBXFileReference; fileEncoding = 4; lastKnownFileType = sourcecode.cpp.cpp; path = MRTHttpSvrConn.cpp; sourceTree = "<group>"; };
		E66B5D8E1C4A7E180053161E /* MRTHttpSvrConn.h */ = {isa = PBXFileReference; fileEncoding = 4; lastKnownFileType = sourcecode.c.h; path = MRTHttpSvrConn.h; sourceTree = "<group>"; };
		E66B5D8F1C4A7E180053161E /* MRTMeeting.cpp */ = {isa = PBXFileReference; fileEncoding = 4; lastKnownFileType = sourcecode.cpp.cpp; path = MRTMeeting.cpp; sourceTree = "<group>"; };
		E66B5D901C4A7E180053161E /* MRTMeeting.h */ = {isa = PBXFileReference; fileEncoding = 4; lastKnownFileType = sourcecode.c.h; path = MRTMeeting.h; sourceTree = "<group>"; };
		E66B5D911C4A7E180053161E /* MRTMeetingRoom.cpp */ = {isa = PBXFileReference; fileEncoding = 4; lastKnownFileType = sourcecode.cpp.cpp; path = MRTMeetingRoom.cpp; sourceTree = "<group>"; };
		E66B5D921C4A7E180053161E /* MRTMeetingRoom.h */ = {isa = PBXFileReference; fileEncoding = 4; lastKnownFileType = sourcecode.c.h; path = MRTMeetingRoom.h; sourceTree = "<group>"; };
		E66B5D931C4A7E180053161E /* MRTRoomManager.cpp */ = {isa = PBXFileReference; fileEncoding = 4; lastKnownFileType = sourcecode.cpp.cpp; path = MRTRoomManager.cpp; sourceTree = "<group>"; };
		E66B5D941C4A7E180053161E /* MRTRoomManager.h */ = {isa = PBXFileReference; fileEncoding = 4; lastKnownFileType = sourcecode.c.h; path = MRTRoomManager.h; sourceTree = "<group>"; };
		E66B5D981C4A7E180053161E /* MRTTransferSession.cpp */ = {isa = PBXFileReference; fileEncoding = 4; lastKnownFileType = sourcecode.cpp.cpp; path = MRTTransferSession.cpp; sourceTree = "<group>"; };
		E66B5D991C4A7E180053161E /* MRTTransferSession.h */ = {isa = PBXFileReference; fileEncoding = 4; lastKnownFileType = sourcecode.c.h; path = MRTTransferSession.h; sourceTree = "<group>"; };
		E66B5DA41C4A80410053161E /* RTHttpMsg.cpp */ = {isa = PBXFileReference; fileEncoding = 4; lastKnownFileType = sourcecode.cpp.cpp; path = RTHttpMsg.cpp; sourceTree = "<group>"; };
		E66B5DA51C4A80410053161E /* RTHttpMsg.h */ = {isa = PBXFileReference; fileEncoding = 4; lastKnownFileType = sourcecode.c.h; path = RTHttpMsg.h; sourceTree = "<group>"; };
		E6B08C721C5320D200D1BB6D /* config_parser.cpp */ = {isa = PBXFileReference; fileEncoding = 4; lastKnownFileType = sourcecode.cpp.cpp; path = config_parser.cpp; sourceTree = "<group>"; };
		E6B08C731C5320D200D1BB6D /* config_parser.h */ = {isa = PBXFileReference; fileEncoding = 4; lastKnownFileType = sourcecode.c.h; path = config_parser.h; sourceTree = "<group>"; };
		E6B08CCE1C53271A00D1BB6D /* hiredis.xcodeproj */ = {isa = PBXFileReference; lastKnownFileType = "wrapper.pb-project"; name = hiredis.xcodeproj; path = MsgServer/MSCommon/MSThirdParty/hiredis.xcodeproj; sourceTree = "<group>"; };
		E6B08CD11C53271A00D1BB6D /* http.xcodeproj */ = {isa = PBXFileReference; lastKnownFileType = "wrapper.pb-project"; name = http.xcodeproj; path = MsgServer/MSCommon/MSThirdParty/http.xcodeproj; sourceTree = "<group>"; };
		E6B08CD41C53271A00D1BB6D /* rtcomm.xcodeproj */ = {isa = PBXFileReference; lastKnownFileType = "wrapper.pb-project"; name = rtcomm.xcodeproj; path = MsgServer/MSCommon/MSThirdParty/rtcomm.xcodeproj; sourceTree = "<group>"; };
		E6B08CD81C53271A00D1BB6D /* rtklog.xcodeproj */ = {isa = PBXFileReference; lastKnownFileType = "wrapper.pb-project"; name = rtklog.xcodeproj; path = MsgServer/MSCommon/MSThirdParty/rtklog.xcodeproj; sourceTree = "<group>"; };
		E6B08CF01C532A0500D1BB6D /* connector.conf */ = {isa = PBXFileReference; fileEncoding = 4; lastKnownFileType = text; name = connector.conf; path = connector/connector.conf; sourceTree = "<group>"; };
		E6B08CF11C532A1C00D1BB6D /* dispatcher.conf */ = {isa = PBXFileReference; fileEncoding = 4; lastKnownFileType = text; name = dispatcher.conf; path = dispatcher/dispatcher.conf; sourceTree = "<group>"; };
		E6B08CF21C532A2E00D1BB6D /* meeting.conf */ = {isa = PBXFileReference; fileEncoding = 4; lastKnownFileType = text; name = meeting.conf; path = meeting/meeting.conf; sourceTree = "<group>"; };
		E6B08D1E1C5755C400D1BB6D /* RTJSBuffer.cpp */ = {isa = PBXFileReference; fileEncoding = 4; lastKnownFileType = sourcecode.cpp.cpp; path = RTJSBuffer.cpp; sourceTree = "<group>"; };
		E6B08D1F1C5755C400D1BB6D /* RTJSBuffer.h */ = {isa = PBXFileReference; fileEncoding = 4; lastKnownFileType = sourcecode.c.h; path = RTJSBuffer.h; sourceTree = "<group>"; };
		E6D732461C758B8E0076620E /* RTDispatch.cpp */ = {isa = PBXFileReference; fileEncoding = 4; lastKnownFileType = sourcecode.cpp.cpp; path = RTDispatch.cpp; sourceTree = "<group>"; };
		E6D732471C758B8E0076620E /* RTDispatch.h */ = {isa = PBXFileReference; fileEncoding = 4; lastKnownFileType = sourcecode.c.h; path = RTDispatch.h; sourceTree = "<group>"; };
		E6D7325B1C784CA80076620E /* DRTHttpSvrConn.cpp */ = {isa = PBXFileReference; fileEncoding = 4; lastKnownFileType = sourcecode.cpp.cpp; path = DRTHttpSvrConn.cpp; sourceTree = "<group>"; };
		E6D7325C1C784CA80076620E /* DRTHttpSvrConn.h */ = {isa = PBXFileReference; fileEncoding = 4; lastKnownFileType = sourcecode.c.h; path = DRTHttpSvrConn.h; sourceTree = "<group>"; };
		E6D7325D1C784CA80076620E /* DRTMsgDispatch.cpp */ = {isa = PBXFileReference; fileEncoding = 4; lastKnownFileType = sourcecode.cpp.cpp; path = DRTMsgDispatch.cpp; sourceTree = "<group>"; };
		E6D7325E1C784CA80076620E /* DRTMsgDispatch.hpp */ = {isa = PBXFileReference; fileEncoding = 4; lastKnownFileType = sourcecode.cpp.h; path = DRTMsgDispatch.hpp; sourceTree = "<group>"; };
/* End PBXFileReference section */

/* Begin PBXFrameworksBuildPhase section */
		E66B59AA1C4A506D0053161E /* Frameworks */ = {
			isa = PBXFrameworksBuildPhase;
			buildActionMask = 2147483647;
			files = (
				E6B08CED1C5328A600D1BB6D /* libMSCommon.a in Frameworks */,
			);
			runOnlyForDeploymentPostprocessing = 0;
		};
		E66B59B51C4A50C90053161E /* Frameworks */ = {
			isa = PBXFrameworksBuildPhase;
			buildActionMask = 2147483647;
			files = (
				E6B08CEE1C5328AC00D1BB6D /* libMSCommon.a in Frameworks */,
			);
			runOnlyForDeploymentPostprocessing = 0;
		};
		E66B59C01C4A50F10053161E /* Frameworks */ = {
			isa = PBXFrameworksBuildPhase;
			buildActionMask = 2147483647;
			files = (
				E6B08CEF1C5328B200D1BB6D /* libMSCommon.a in Frameworks */,
			);
			runOnlyForDeploymentPostprocessing = 0;
		};
		E66B59CB1C4A516B0053161E /* Frameworks */ = {
			isa = PBXFrameworksBuildPhase;
			buildActionMask = 2147483647;
			files = (
				E615DC641C8C323E00A837B9 /* libzkclient.a in Frameworks */,
				E6B08CE71C5327DA00D1BB6D /* libhiredis.a in Frameworks */,
				E6B08CE81C5327DA00D1BB6D /* libhttp.a in Frameworks */,
				E6B08CE91C5327DA00D1BB6D /* librtcomm.a in Frameworks */,
				E6B08CEA1C5327DA00D1BB6D /* librtklog.a in Frameworks */,
			);
			runOnlyForDeploymentPostprocessing = 0;
		};
/* End PBXFrameworksBuildPhase section */

/* Begin PBXGroup section */
		2D4B57591C60A737006A1BF1 /* MSHttp */ = {
			isa = PBXGroup;
			children = (
				2D4B575A1C60A737006A1BF1 /* RTConnHttp.cpp */,
				2D4B575B1C60A737006A1BF1 /* RTConnHttp.h */,
				2D4B575C1C60A737006A1BF1 /* RTHttp.cpp */,
				2D4B575D1C60A737006A1BF1 /* RTHttp.h */,
				2D4B575E1C60A737006A1BF1 /* RTHttpSender.cpp */,
				2D4B575F1C60A737006A1BF1 /* RTHttpSender.h */,
				2D4B57601C60A737006A1BF1 /* RTHttpSvrConn.cpp */,
				2D4B57611C60A737006A1BF1 /* RTHttpSvrConn.h */,
			);
			path = MSHttp;
			sourceTree = "<group>";
		};
		E615DC5F1C8C323700A837B9 /* Products */ = {
			isa = PBXGroup;
			children = (
				E615DC631C8C323700A837B9 /* libzkclient.a */,
			);
			name = Products;
			sourceTree = "<group>";
		};
		E66B59961C4A50360053161E = {
			isa = PBXGroup;
			children = (
				E615DC5E1C8C323700A837B9 /* zkclient.xcodeproj */,
				E6B08CCE1C53271A00D1BB6D /* hiredis.xcodeproj */,
				E6B08CD11C53271A00D1BB6D /* http.xcodeproj */,
				E6B08CD41C53271A00D1BB6D /* rtcomm.xcodeproj */,
				E6B08CD81C53271A00D1BB6D /* rtklog.xcodeproj */,
				E66B59D21C4A55B00053161E /* MsgServer */,
				E66B59AE1C4A506D0053161E /* MsgServerConnector */,
				E66B59B91C4A50C90053161E /* MsgServerDispatcher */,
				E66B59C41C4A50F10053161E /* MsgServerMeeting */,
				E66B59A01C4A50360053161E /* Products */,
			);
			sourceTree = "<group>";
		};
		E66B59A01C4A50360053161E /* Products */ = {
			isa = PBXGroup;
			children = (
				E66B59AD1C4A506D0053161E /* MsgServerConnector */,
				E66B59B81C4A50C90053161E /* MsgServerDispatcher */,
				E66B59C31C4A50F10053161E /* MsgServerMeeting */,
				E66B59CE1C4A516B0053161E /* libMSCommon.a */,
			);
			name = Products;
			sourceTree = "<group>";
		};
		E66B59AE1C4A506D0053161E /* MsgServerConnector */ = {
			isa = PBXGroup;
			children = (
				E6B08CF01C532A0500D1BB6D /* connector.conf */,
				E66B5D541C4A749B0053161E /* CRTConnection */,
				E66B5D5D1C4A749B0053161E /* CRTListener */,
				E66B5D641C4A749B0053161E /* CRTTransfer */,
				E66B5D301C4A74410053161E /* CRTConnectionManager.cpp */,
				E66B5D311C4A74410053161E /* CRTConnectionManager.h */,
				E66B5D321C4A74410053161E /* CRTConnector.cpp */,
				E66B5D331C4A74410053161E /* CRTConnector.h */,
				E66B5D341C4A74410053161E /* CRTDispatchConnection.cpp */,
				E66B5D351C4A74410053161E /* CRTDispatchConnection.h */,
				E66B59AF1C4A506D0053161E /* main.cpp */,
			);
			path = MsgServerConnector;
			sourceTree = "<group>";
		};
		E66B59B91C4A50C90053161E /* MsgServerDispatcher */ = {
			isa = PBXGroup;
			children = (
				E6D732511C78399F0076620E /* DRTHttp */,
				E6B08CF11C532A1C00D1BB6D /* dispatcher.conf */,
				E66B5D721C4A79FF0053161E /* DRTConnectionManager.cpp */,
				E66B5D731C4A79FF0053161E /* DRTConnectionManager.h */,
				E66B5D741C4A79FF0053161E /* DRTListener */,
				E66B5D771C4A79FF0053161E /* DRTMsgQueue.cpp */,
				E66B5D781C4A79FF0053161E /* DRTMsgQueue.h */,
				E66B5D791C4A79FF0053161E /* DRTTransfer */,
				E66B59BA1C4A50C90053161E /* main.cpp */,
			);
			path = MsgServerDispatcher;
			sourceTree = "<group>";
		};
		E66B59C41C4A50F10053161E /* MsgServerMeeting */ = {
			isa = PBXGroup;
			children = (
				E6B08CF21C532A2E00D1BB6D /* meeting.conf */,
				E66B5D831C4A7E180053161E /* MRTConnectionManager.cpp */,
				E66B5D841C4A7E180053161E /* MRTConnectionManager.h */,
				E66B5D851C4A7E180053161E /* MRTHttp */,
				E66B5D8F1C4A7E180053161E /* MRTMeeting.cpp */,
				E66B5D901C4A7E180053161E /* MRTMeeting.h */,
				E66B5D911C4A7E180053161E /* MRTMeetingRoom.cpp */,
				E66B5D921C4A7E180053161E /* MRTMeetingRoom.h */,
				E66B5D931C4A7E180053161E /* MRTRoomManager.cpp */,
				E66B5D941C4A7E180053161E /* MRTRoomManager.h */,
				E66B5D951C4A7E180053161E /* MRTTransfer */,
				E66B59C51C4A50F10053161E /* main.cpp */,
			);
			path = MsgServerMeeting;
			sourceTree = "<group>";
		};
		E66B59D21C4A55B00053161E /* MsgServer */ = {
			isa = PBXGroup;
			children = (
				E66B59D31C4A55B00053161E /* MSCommon */,
			);
			path = MsgServer;
			sourceTree = "<group>";
		};
		E66B59D31C4A55B00053161E /* MSCommon */ = {
			isa = PBXGroup;
			children = (
				2D4B57591C60A737006A1BF1 /* MSHttp */,
				E6B08C721C5320D200D1BB6D /* config_parser.cpp */,
				E6B08C731C5320D200D1BB6D /* config_parser.h */,
				E66B59D91C4A55B00053161E /* MSBase */,
				E66B59E01C4A55B00053161E /* MSCommon */,
				E66B59E31C4A55B00053161E /* MSProtocol */,
				E66B5B751C4A55B10053161E /* PlatformHeader.h */,
				E66B5B761C4A55B10053161E /* revision.h */,
				E66B5B771C4A55B10053161E /* sigslot.cc */,
				E66B5B781C4A55B10053161E /* sigslot.h */,
			);
			path = MSCommon;
			sourceTree = "<group>";
		};
		E66B59D91C4A55B00053161E /* MSBase */ = {
			isa = PBXGroup;
			children = (
				E6D732461C758B8E0076620E /* RTDispatch.cpp */,
				E6D732471C758B8E0076620E /* RTDispatch.h */,
				2D4B57451C60A05E006A1BF1 /* RTTransfer.cpp */,
				2D4B57461C60A05E006A1BF1 /* RTTransfer.h */,
				E6B08D1E1C5755C400D1BB6D /* RTJSBuffer.cpp */,
				E6B08D1F1C5755C400D1BB6D /* RTJSBuffer.h */,
				E66B59DA1C4A55B00053161E /* RTHiredis.cpp */,
				E66B59DB1C4A55B00053161E /* RTHiredis.h */,
				E66B59DC1C4A55B00053161E /* RTObserver.h */,
				E66B59DD1C4A55B00053161E /* RTObserverConnection.h */,
				E66B59DE1C4A55B00053161E /* RTTcp.cpp */,
				E66B59DF1C4A55B00053161E /* RTTcp.h */,
				E635402F1C5B321200FC1EF9 /* RTUtils.cpp */,
				E63540301C5B321200FC1EF9 /* RTUtils.hpp */,
				E615DAFB1C8AE7D400A837B9 /* RTZKClient.cpp */,
				E615DAFC1C8AE7D400A837B9 /* RTZKClient.hpp */,
			);
			path = MSBase;
			sourceTree = "<group>";
		};
		E66B59E01C4A55B00053161E /* MSCommon */ = {
			isa = PBXGroup;
			children = (
				E66B59E11C4A55B00053161E /* RTType.h */,
				E66B59E21C4A55B00053161E /* StatusCode.h */,
			);
			path = MSCommon;
			sourceTree = "<group>";
		};
		E66B59E31C4A55B00053161E /* MSProtocol */ = {
			isa = PBXGroup;
			children = (
				E66B5DA41C4A80410053161E /* RTHttpMsg.cpp */,
				E66B5DA51C4A80410053161E /* RTHttpMsg.h */,
				E66B59E41C4A55B00053161E /* RTMeetMsg.cpp */,
				E66B59E51C4A55B00053161E /* RTMeetMsg.h */,
				E66B59E61C4A55B00053161E /* RTMessage.cpp */,
				E66B59E71C4A55B00053161E /* RTMessage.h */,
				E66B59E81C4A55B00053161E /* RTMsg.h */,
				E66B59E91C4A55B00053161E /* RTMsgCommon.h */,
				E66B59EA1C4A55B00053161E /* RTSignalMsg.cpp */,
				E66B59EB1C4A55B00053161E /* RTSignalMsg.h */,
			);
			path = MSProtocol;
			sourceTree = "<group>";
		};
		E66B5D541C4A749B0053161E /* CRTConnection */ = {
			isa = PBXGroup;
			children = (
				E66B5D551C4A749B0053161E /* CRTConnection.cpp */,
				E66B5D561C4A749B0053161E /* CRTConnection.h */,
				E66B5D571C4A749B0053161E /* CRTConnectionTcp.cpp */,
				E66B5D581C4A749B0053161E /* CRTConnectionTcp.h */,
				E66B5D591C4A749B0053161E /* CRTConnHttp.cpp */,
				E66B5D5A1C4A749B0053161E /* CRTConnHttp.h */,
				E66B5D5B1C4A749B0053161E /* CRTConnTcp.cpp */,
				E66B5D5C1C4A749B0053161E /* CRTConnTcp.h */,
			);
			path = CRTConnection;
			sourceTree = "<group>";
		};
		E66B5D5D1C4A749B0053161E /* CRTListener */ = {
			isa = PBXGroup;
			children = (
				E66B5D5E1C4A749B0053161E /* CRTConnListener.cpp */,
				E66B5D5F1C4A749B0053161E /* CRTConnListener.h */,
				E66B5D601C4A749B0053161E /* CRTConnTcpListener.cpp */,
				E66B5D611C4A749B0053161E /* CRTConnTcpListener.h */,
				E66B5D621C4A749B0053161E /* CRTModuleListener.cpp */,
				E66B5D631C4A749B0053161E /* CRTModuleListener.h */,
			);
			path = CRTListener;
			sourceTree = "<group>";
		};
		E66B5D641C4A749B0053161E /* CRTTransfer */ = {
			isa = PBXGroup;
			children = (
				E66B5D671C4A749B0053161E /* CRTTransferSession.cpp */,
				E66B5D681C4A749B0053161E /* CRTTransferSession.h */,
			);
			path = CRTTransfer;
			sourceTree = "<group>";
		};
		E66B5D741C4A79FF0053161E /* DRTListener */ = {
			isa = PBXGroup;
			children = (
				E66B5D751C4A79FF0053161E /* DRTModuleListener.cpp */,
				E66B5D761C4A79FF0053161E /* DRTModuleListener.h */,
			);
			path = DRTListener;
			sourceTree = "<group>";
		};
		E66B5D791C4A79FF0053161E /* DRTTransfer */ = {
			isa = PBXGroup;
			children = (
				E66B5D7C1C4A79FF0053161E /* DRTTransferSession.cpp */,
				E66B5D7D1C4A79FF0053161E /* DRTTransferSession.h */,
			);
			path = DRTTransfer;
			sourceTree = "<group>";
		};
		E66B5D851C4A7E180053161E /* MRTHttp */ = {
			isa = PBXGroup;
			children = (
				E66B5D8D1C4A7E180053161E /* MRTHttpSvrConn.cpp */,
				E66B5D8E1C4A7E180053161E /* MRTHttpSvrConn.h */,
			);
			path = MRTHttp;
			sourceTree = "<group>";
		};
		E66B5D951C4A7E180053161E /* MRTTransfer */ = {
			isa = PBXGroup;
			children = (
				E66B5D981C4A7E180053161E /* MRTTransferSession.cpp */,
				E66B5D991C4A7E180053161E /* MRTTransferSession.h */,
			);
			path = MRTTransfer;
			sourceTree = "<group>";
		};
		E6B08CCF1C53271A00D1BB6D /* Products */ = {
			isa = PBXGroup;
			children = (
				E6B08CDD1C53271B00D1BB6D /* libhiredis.a */,
			);
			name = Products;
			sourceTree = "<group>";
		};
		E6B08CD21C53271A00D1BB6D /* Products */ = {
			isa = PBXGroup;
			children = (
				E6B08CE01C53271B00D1BB6D /* libhttp.a */,
			);
			name = Products;
			sourceTree = "<group>";
		};
		E6B08CD51C53271A00D1BB6D /* Products */ = {
			isa = PBXGroup;
			children = (
				E6B08CE31C53271B00D1BB6D /* librtcomm.a */,
			);
			name = Products;
			sourceTree = "<group>";
		};
		E6B08CD91C53271A00D1BB6D /* Products */ = {
			isa = PBXGroup;
			children = (
				E6B08CE61C53271B00D1BB6D /* librtklog.a */,
			);
			name = Products;
			sourceTree = "<group>";
		};
		E6D732511C78399F0076620E /* DRTHttp */ = {
			isa = PBXGroup;
			children = (
				E6D7325B1C784CA80076620E /* DRTHttpSvrConn.cpp */,
				E6D7325C1C784CA80076620E /* DRTHttpSvrConn.h */,
				E6D7325D1C784CA80076620E /* DRTMsgDispatch.cpp */,
				E6D7325E1C784CA80076620E /* DRTMsgDispatch.hpp */,
			);
			path = DRTHttp;
			sourceTree = "<group>";
		};
/* End PBXGroup section */

/* Begin PBXHeadersBuildPhase section */
		E66B59CC1C4A516B0053161E /* Headers */ = {
			isa = PBXHeadersBuildPhase;
			buildActionMask = 2147483647;
			files = (
				2D4B57691C60A737006A1BF1 /* RTHttpSvrConn.h in Headers */,
				E6B08CEC1C53289000D1BB6D /* config_parser.h in Headers */,
				E66B5B811C4A55B10053161E /* RTObserverConnection.h in Headers */,
				E66B5B841C4A55B10053161E /* RTType.h in Headers */,
				2D4B57631C60A737006A1BF1 /* RTConnHttp.h in Headers */,
				E66B5CA81C4A55B10053161E /* sigslot.h in Headers */,
				E66B5B801C4A55B10053161E /* RTObserver.h in Headers */,
				E66B5B8A1C4A55B10053161E /* RTMsg.h in Headers */,
				E66B5CA61C4A55B10053161E /* revision.h in Headers */,
				2D4B57651C60A737006A1BF1 /* RTHttp.h in Headers */,
				E66B5B8D1C4A55B10053161E /* RTSignalMsg.h in Headers */,
				E63540321C5B321200FC1EF9 /* RTUtils.hpp in Headers */,
				E66B5B851C4A55B10053161E /* StatusCode.h in Headers */,
				E66B5B891C4A55B10053161E /* RTMessage.h in Headers */,
				E66B5B871C4A55B10053161E /* RTMeetMsg.h in Headers */,
				E66B5B8B1C4A55B10053161E /* RTMsgCommon.h in Headers */,
				E66B5B831C4A55B10053161E /* RTTcp.h in Headers */,
				E66B5B7F1C4A55B10053161E /* RTHiredis.h in Headers */,
				2D4B57671C60A737006A1BF1 /* RTHttpSender.h in Headers */,
				E615DAFE1C8AE7D400A837B9 /* RTZKClient.hpp in Headers */,
				E66B5CA51C4A55B10053161E /* PlatformHeader.h in Headers */,
			);
			runOnlyForDeploymentPostprocessing = 0;
		};
/* End PBXHeadersBuildPhase section */

/* Begin PBXNativeTarget section */
		E66B59AC1C4A506D0053161E /* MsgServerConnector */ = {
			isa = PBXNativeTarget;
			buildConfigurationList = E66B59B11C4A506D0053161E /* Build configuration list for PBXNativeTarget "MsgServerConnector" */;
			buildPhases = (
				E66B59A91C4A506D0053161E /* Sources */,
				E66B59AA1C4A506D0053161E /* Frameworks */,
				E66B59AB1C4A506D0053161E /* CopyFiles */,
			);
			buildRules = (
			);
			dependencies = (
			);
			name = MsgServerConnector;
			productName = MsgServerConnector;
			productReference = E66B59AD1C4A506D0053161E /* MsgServerConnector */;
			productType = "com.apple.product-type.tool";
		};
		E66B59B71C4A50C90053161E /* MsgServerDispatcher */ = {
			isa = PBXNativeTarget;
			buildConfigurationList = E66B59BC1C4A50C90053161E /* Build configuration list for PBXNativeTarget "MsgServerDispatcher" */;
			buildPhases = (
				E66B59B41C4A50C90053161E /* Sources */,
				E66B59B51C4A50C90053161E /* Frameworks */,
				E66B59B61C4A50C90053161E /* CopyFiles */,
			);
			buildRules = (
			);
			dependencies = (
			);
			name = MsgServerDispatcher;
			productName = MsgServerDispatcher;
			productReference = E66B59B81C4A50C90053161E /* MsgServerDispatcher */;
			productType = "com.apple.product-type.tool";
		};
		E66B59C21C4A50F10053161E /* MsgServerMeeting */ = {
			isa = PBXNativeTarget;
			buildConfigurationList = E66B59C71C4A50F10053161E /* Build configuration list for PBXNativeTarget "MsgServerMeeting" */;
			buildPhases = (
				E66B59BF1C4A50F10053161E /* Sources */,
				E66B59C01C4A50F10053161E /* Frameworks */,
				E66B59C11C4A50F10053161E /* CopyFiles */,
			);
			buildRules = (
			);
			dependencies = (
			);
			name = MsgServerMeeting;
			productName = MsgServerMeeting;
			productReference = E66B59C31C4A50F10053161E /* MsgServerMeeting */;
			productType = "com.apple.product-type.tool";
		};
		E66B59CD1C4A516B0053161E /* MSCommon */ = {
			isa = PBXNativeTarget;
			buildConfigurationList = E66B59CF1C4A516B0053161E /* Build configuration list for PBXNativeTarget "MSCommon" */;
			buildPhases = (
				E66B59CA1C4A516B0053161E /* Sources */,
				E66B59CB1C4A516B0053161E /* Frameworks */,
				E66B59CC1C4A516B0053161E /* Headers */,
			);
			buildRules = (
			);
			dependencies = (
			);
			name = MSCommon;
			productName = MSCommon;
			productReference = E66B59CE1C4A516B0053161E /* libMSCommon.a */;
			productType = "com.apple.product-type.library.static";
		};
/* End PBXNativeTarget section */

/* Begin PBXProject section */
		E66B59971C4A50360053161E /* Project object */ = {
			isa = PBXProject;
			attributes = {
				LastUpgradeCheck = 0720;
				ORGANIZATIONNAME = DYNC;
				TargetAttributes = {
					E66B59AC1C4A506D0053161E = {
						CreatedOnToolsVersion = 7.2;
					};
					E66B59B71C4A50C90053161E = {
						CreatedOnToolsVersion = 7.2;
					};
					E66B59C21C4A50F10053161E = {
						CreatedOnToolsVersion = 7.2;
					};
					E66B59CD1C4A516B0053161E = {
						CreatedOnToolsVersion = 7.2;
					};
				};
			};
			buildConfigurationList = E66B599A1C4A50360053161E /* Build configuration list for PBXProject "MsgServer" */;
			compatibilityVersion = "Xcode 3.2";
			developmentRegion = English;
			hasScannedForEncodings = 0;
			knownRegions = (
				en,
			);
			mainGroup = E66B59961C4A50360053161E;
			productRefGroup = E66B59A01C4A50360053161E /* Products */;
			projectDirPath = "";
			projectReferences = (
				{
					ProductGroup = E6B08CCF1C53271A00D1BB6D /* Products */;
					ProjectRef = E6B08CCE1C53271A00D1BB6D /* hiredis.xcodeproj */;
				},
				{
					ProductGroup = E6B08CD21C53271A00D1BB6D /* Products */;
					ProjectRef = E6B08CD11C53271A00D1BB6D /* http.xcodeproj */;
				},
				{
					ProductGroup = E6B08CD51C53271A00D1BB6D /* Products */;
					ProjectRef = E6B08CD41C53271A00D1BB6D /* rtcomm.xcodeproj */;
				},
				{
					ProductGroup = E6B08CD91C53271A00D1BB6D /* Products */;
					ProjectRef = E6B08CD81C53271A00D1BB6D /* rtklog.xcodeproj */;
				},
				{
					ProductGroup = E615DC5F1C8C323700A837B9 /* Products */;
					ProjectRef = E615DC5E1C8C323700A837B9 /* zkclient.xcodeproj */;
				},
			);
			projectRoot = "";
			targets = (
				E66B59AC1C4A506D0053161E /* MsgServerConnector */,
				E66B59B71C4A50C90053161E /* MsgServerDispatcher */,
				E66B59C21C4A50F10053161E /* MsgServerMeeting */,
				E66B59CD1C4A516B0053161E /* MSCommon */,
			);
		};
/* End PBXProject section */

/* Begin PBXReferenceProxy section */
		E615DC631C8C323700A837B9 /* libzkclient.a */ = {
			isa = PBXReferenceProxy;
			fileType = archive.ar;
			path = libzkclient.a;
			remoteRef = E615DC621C8C323700A837B9 /* PBXContainerItemProxy */;
			sourceTree = BUILT_PRODUCTS_DIR;
		};
		E6B08CDD1C53271B00D1BB6D /* libhiredis.a */ = {
			isa = PBXReferenceProxy;
			fileType = archive.ar;
			path = libhiredis.a;
			remoteRef = E6B08CDC1C53271B00D1BB6D /* PBXContainerItemProxy */;
			sourceTree = BUILT_PRODUCTS_DIR;
		};
		E6B08CE01C53271B00D1BB6D /* libhttp.a */ = {
			isa = PBXReferenceProxy;
			fileType = archive.ar;
			path = libhttp.a;
			remoteRef = E6B08CDF1C53271B00D1BB6D /* PBXContainerItemProxy */;
			sourceTree = BUILT_PRODUCTS_DIR;
		};
		E6B08CE31C53271B00D1BB6D /* librtcomm.a */ = {
			isa = PBXReferenceProxy;
			fileType = archive.ar;
			path = librtcomm.a;
			remoteRef = E6B08CE21C53271B00D1BB6D /* PBXContainerItemProxy */;
			sourceTree = BUILT_PRODUCTS_DIR;
		};
		E6B08CE61C53271B00D1BB6D /* librtklog.a */ = {
			isa = PBXReferenceProxy;
			fileType = archive.ar;
			path = librtklog.a;
			remoteRef = E6B08CE51C53271B00D1BB6D /* PBXContainerItemProxy */;
			sourceTree = BUILT_PRODUCTS_DIR;
		};
/* End PBXReferenceProxy section */

/* Begin PBXSourcesBuildPhase section */
		E66B59A91C4A506D0053161E /* Sources */ = {
			isa = PBXSourcesBuildPhase;
			buildActionMask = 2147483647;
			files = (
				E6D732481C758B8E0076620E /* RTDispatch.cpp in Sources */,
				E66B59B01C4A506D0053161E /* main.cpp in Sources */,
				E66B5D6F1C4A749B0053161E /* CRTModuleListener.cpp in Sources */,
				E66B5D6B1C4A749B0053161E /* CRTConnHttp.cpp in Sources */,
				E66B5D691C4A749B0053161E /* CRTConnection.cpp in Sources */,
				E66B5D371C4A74410053161E /* CRTConnector.cpp in Sources */,
				E66B5D6A1C4A749B0053161E /* CRTConnectionTcp.cpp in Sources */,
				E66B5D711C4A749B0053161E /* CRTTransferSession.cpp in Sources */,
				E66B5D6C1C4A749B0053161E /* CRTConnTcp.cpp in Sources */,
				E6B08D201C5755C400D1BB6D /* RTJSBuffer.cpp in Sources */,
				E66B5D6D1C4A749B0053161E /* CRTConnListener.cpp in Sources */,
				E66B5D6E1C4A749B0053161E /* CRTConnTcpListener.cpp in Sources */,
				E6B08C741C5320D200D1BB6D /* config_parser.cpp in Sources */,
				E66B5D361C4A74410053161E /* CRTConnectionManager.cpp in Sources */,
				2D4B57471C60A05E006A1BF1 /* RTTransfer.cpp in Sources */,
				E66B5D381C4A74410053161E /* CRTDispatchConnection.cpp in Sources */,
			);
			runOnlyForDeploymentPostprocessing = 0;
		};
		E66B59B41C4A50C90053161E /* Sources */ = {
			isa = PBXSourcesBuildPhase;
			buildActionMask = 2147483647;
			files = (
				E66B5D7E1C4A79FF0053161E /* DRTConnectionManager.cpp in Sources */,
				E66B59BB1C4A50C90053161E /* main.cpp in Sources */,
				E66B5D821C4A79FF0053161E /* DRTTransferSession.cpp in Sources */,
				E66B5D801C4A79FF0053161E /* DRTMsgQueue.cpp in Sources */,
				E6D7325F1C784CA80076620E /* DRTHttpSvrConn.cpp in Sources */,
				E66B5D7F1C4A79FF0053161E /* DRTModuleListener.cpp in Sources */,
				E6D732601C784CA80076620E /* DRTMsgDispatch.cpp in Sources */,
			);
			runOnlyForDeploymentPostprocessing = 0;
		};
		E66B59BF1C4A50F10053161E /* Sources */ = {
			isa = PBXSourcesBuildPhase;
			buildActionMask = 2147483647;
			files = (
				E66B59C61C4A50F10053161E /* main.cpp in Sources */,
				E66B5D9F1C4A7E180053161E /* MRTMeeting.cpp in Sources */,
				E66B5D9E1C4A7E180053161E /* MRTHttpSvrConn.cpp in Sources */,
				E66B5DA11C4A7E180053161E /* MRTRoomManager.cpp in Sources */,
				E66B5DA31C4A7E180053161E /* MRTTransferSession.cpp in Sources */,
				E66B5DA01C4A7E180053161E /* MRTMeetingRoom.cpp in Sources */,
				E66B5D9A1C4A7E180053161E /* MRTConnectionManager.cpp in Sources */,
			);
			runOnlyForDeploymentPostprocessing = 0;
		};
		E66B59CA1C4A516B0053161E /* Sources */ = {
			isa = PBXSourcesBuildPhase;
			buildActionMask = 2147483647;
			files = (
				E6D732501C75B5410076620E /* RTDispatch.cpp in Sources */,
				E615DAFD1C8AE7D400A837B9 /* RTZKClient.cpp in Sources */,
				2D4B576A1C60AB02006A1BF1 /* RTTransfer.cpp in Sources */,
				E6B08D211C57560F00D1BB6D /* RTJSBuffer.cpp in Sources */,
				2D4B57641C60A737006A1BF1 /* RTHttp.cpp in Sources */,
				E6B08CEB1C53288700D1BB6D /* config_parser.cpp in Sources */,
				2D4B57661C60A737006A1BF1 /* RTHttpSender.cpp in Sources */,
				E66B5DA71C4A80640053161E /* RTHttpMsg.cpp in Sources */,
				E66B5CB91C4A5B1B0053161E /* RTHiredis.cpp in Sources */,
				2D4B57621C60A737006A1BF1 /* RTConnHttp.cpp in Sources */,
				E66B5CBA1C4A5B1B0053161E /* RTTcp.cpp in Sources */,
				E63540311C5B321200FC1EF9 /* RTUtils.cpp in Sources */,
				2D4B57681C60A737006A1BF1 /* RTHttpSvrConn.cpp in Sources */,
				E66B5CBB1C4A5B1B0053161E /* RTMeetMsg.cpp in Sources */,
				E66B5CBC1C4A5B1B0053161E /* RTMessage.cpp in Sources */,
				E66B5CBD1C4A5B1B0053161E /* RTSignalMsg.cpp in Sources */,
				E66B5CBE1C4A5B1B0053161E /* sigslot.cc in Sources */,
			);
			runOnlyForDeploymentPostprocessing = 0;
		};
/* End PBXSourcesBuildPhase section */

/* Begin XCBuildConfiguration section */
		E66B59A41C4A50360053161E /* Debug */ = {
			isa = XCBuildConfiguration;
			buildSettings = {
				ALWAYS_SEARCH_USER_PATHS = NO;
				CLANG_CXX_LANGUAGE_STANDARD = "gnu++0x";
				CLANG_CXX_LIBRARY = "libc++";
				CLANG_ENABLE_MODULES = YES;
				CLANG_ENABLE_OBJC_ARC = YES;
				CLANG_WARN_BOOL_CONVERSION = YES;
				CLANG_WARN_CONSTANT_CONVERSION = YES;
				CLANG_WARN_DIRECT_OBJC_ISA_USAGE = YES_ERROR;
				CLANG_WARN_EMPTY_BODY = YES;
				CLANG_WARN_ENUM_CONVERSION = YES;
				CLANG_WARN_INT_CONVERSION = YES;
				CLANG_WARN_OBJC_ROOT_CLASS = YES_ERROR;
				CLANG_WARN_UNREACHABLE_CODE = YES;
				CLANG_WARN__DUPLICATE_METHOD_MATCH = YES;
				CODE_SIGN_IDENTITY = "-";
				COPY_PHASE_STRIP = NO;
				DEBUG_INFORMATION_FORMAT = dwarf;
				ENABLE_STRICT_OBJC_MSGSEND = YES;
				ENABLE_TESTABILITY = YES;
				GCC_C_LANGUAGE_STANDARD = gnu99;
				GCC_DYNAMIC_NO_PIC = NO;
				GCC_NO_COMMON_BLOCKS = YES;
				GCC_OPTIMIZATION_LEVEL = 0;
				GCC_PREPROCESSOR_DEFINITIONS = (
					"DEBUG=1",
					"$(inherited)",
				);
				GCC_WARN_64_TO_32_BIT_CONVERSION = YES;
				GCC_WARN_ABOUT_RETURN_TYPE = YES_ERROR;
				GCC_WARN_UNDECLARED_SELECTOR = YES;
				GCC_WARN_UNINITIALIZED_AUTOS = YES_AGGRESSIVE;
				GCC_WARN_UNUSED_FUNCTION = YES;
				GCC_WARN_UNUSED_VARIABLE = YES;
				MACOSX_DEPLOYMENT_TARGET = 10.11;
				MTL_ENABLE_DEBUG_INFO = YES;
				ONLY_ACTIVE_ARCH = YES;
				SDKROOT = macosx;
			};
			name = Debug;
		};
		E66B59A51C4A50360053161E /* Release */ = {
			isa = XCBuildConfiguration;
			buildSettings = {
				ALWAYS_SEARCH_USER_PATHS = NO;
				CLANG_CXX_LANGUAGE_STANDARD = "gnu++0x";
				CLANG_CXX_LIBRARY = "libc++";
				CLANG_ENABLE_MODULES = YES;
				CLANG_ENABLE_OBJC_ARC = YES;
				CLANG_WARN_BOOL_CONVERSION = YES;
				CLANG_WARN_CONSTANT_CONVERSION = YES;
				CLANG_WARN_DIRECT_OBJC_ISA_USAGE = YES_ERROR;
				CLANG_WARN_EMPTY_BODY = YES;
				CLANG_WARN_ENUM_CONVERSION = YES;
				CLANG_WARN_INT_CONVERSION = YES;
				CLANG_WARN_OBJC_ROOT_CLASS = YES_ERROR;
				CLANG_WARN_UNREACHABLE_CODE = YES;
				CLANG_WARN__DUPLICATE_METHOD_MATCH = YES;
				CODE_SIGN_IDENTITY = "-";
				COPY_PHASE_STRIP = NO;
				DEBUG_INFORMATION_FORMAT = "dwarf-with-dsym";
				ENABLE_NS_ASSERTIONS = NO;
				ENABLE_STRICT_OBJC_MSGSEND = YES;
				GCC_C_LANGUAGE_STANDARD = gnu99;
				GCC_NO_COMMON_BLOCKS = YES;
				GCC_WARN_64_TO_32_BIT_CONVERSION = YES;
				GCC_WARN_ABOUT_RETURN_TYPE = YES_ERROR;
				GCC_WARN_UNDECLARED_SELECTOR = YES;
				GCC_WARN_UNINITIALIZED_AUTOS = YES_AGGRESSIVE;
				GCC_WARN_UNUSED_FUNCTION = YES;
				GCC_WARN_UNUSED_VARIABLE = YES;
				MACOSX_DEPLOYMENT_TARGET = 10.11;
				MTL_ENABLE_DEBUG_INFO = NO;
				SDKROOT = macosx;
			};
			name = Release;
		};
		E66B59B21C4A506D0053161E /* Debug */ = {
			isa = XCBuildConfiguration;
			buildSettings = {
				ALWAYS_SEARCH_USER_PATHS = NO;
				HEADER_SEARCH_PATHS = (
					"$(PROJECT_DIR)/MsgServerConnector",
					"$(PROJECT_DIR)/MsgServerConnector/CRTConnection",
					"$(PROJECT_DIR)/MsgServerConnector/CRTListener",
					"$(PROJECT_DIR)/MsgServerConnector/CRTTransfer",
					"$(PROJECT_DIR)/MsgServer/MSCommon",
					"$(PROJECT_DIR)/MsgServer/MSCommon/MSBase",
					"$(PROJECT_DIR)/MsgServer/MSCommon/MSCommon",
					"$(PROJECT_DIR)/MsgServer/MSCommon/MSHttp",
					"$(PROJECT_DIR)/MsgServer/MSCommon/MSProtocol",
					"$(PROJECT_DIR)/MsgServer/MSCommon/MSThirdParty",
					"$(PROJECT_DIR)/MsgServer/MSCommon/MSThirdParty/autoref",
					"$(PROJECT_DIR)/MsgServer/MSCommon/MSThirdParty/hiredis",
					"$(PROJECT_DIR)/MsgServer/MSCommon/MSThirdParty/libhttp",
					"$(PROJECT_DIR)/MsgServer/MSCommon/MSThirdParty/RTComm",
					"$(PROJECT_DIR)/MsgServer/MSCommon/MSThirdParty/rtklog",
					"$(PROJECT_DIR)/MsgServer/MSCommon/MSThirdParty/zkclient/common/include",
					"$(PROJECT_DIR)/MsgServer/MSCommon/MSThirdParty/zkclient/efnfw",
					/usr/local/include,
				);
				LIBRARY_SEARCH_PATHS = "$(inherited)";
				OTHER_CPLUSPLUSFLAGS = "$(OTHER_CFLAGS)";
				OTHER_LDFLAGS = (
					"-L/usr/locla/lib",
					"-ljsoncpp",
					"-L/usr/local/lib",
					"-lzookeeper_mt",
				);
				OTHER_LIBTOOLFLAGS = "";
				PRODUCT_NAME = "$(TARGET_NAME)";
			};
			name = Debug;
		};
		E66B59B31C4A506D0053161E /* Release */ = {
			isa = XCBuildConfiguration;
			buildSettings = {
				ALWAYS_SEARCH_USER_PATHS = NO;
				HEADER_SEARCH_PATHS = (
					"$(PROJECT_DIR)/MsgServerConnector",
					"$(PROJECT_DIR)/MsgServerConnector/CRTConnection",
					"$(PROJECT_DIR)/MsgServerConnector/CRTListener",
					"$(PROJECT_DIR)/MsgServerConnector/CRTTransfer",
					"$(PROJECT_DIR)/MsgServer/MSCommon",
					"$(PROJECT_DIR)/MsgServer/MSCommon/MSBase",
					"$(PROJECT_DIR)/MsgServer/MSCommon/MSCommon",
					"$(PROJECT_DIR)/MsgServer/MSCommon/MSHttp",
					"$(PROJECT_DIR)/MsgServer/MSCommon/MSProtocol",
					"$(PROJECT_DIR)/MsgServer/MSCommon/MSThirdParty",
					"$(PROJECT_DIR)/MsgServer/MSCommon/MSThirdParty/autoref",
					"$(PROJECT_DIR)/MsgServer/MSCommon/MSThirdParty/hiredis",
					"$(PROJECT_DIR)/MsgServer/MSCommon/MSThirdParty/libhttp",
					"$(PROJECT_DIR)/MsgServer/MSCommon/MSThirdParty/RTComm",
					"$(PROJECT_DIR)/MsgServer/MSCommon/MSThirdParty/rtklog",
					"$(PROJECT_DIR)/MsgServer/MSCommon/MSThirdParty/zkclient/common/include",
					"$(PROJECT_DIR)/MsgServer/MSCommon/MSThirdParty/zkclient/efnfw",
					/usr/local/include,
				);
				LIBRARY_SEARCH_PATHS = "$(inherited)";
				OTHER_CPLUSPLUSFLAGS = "$(OTHER_CFLAGS)";
				OTHER_LDFLAGS = (
					"-L/usr/locla/lib",
					"-ljsoncpp",
					"-L/usr/local/lib",
					"-lzookeeper_mt",
				);
				OTHER_LIBTOOLFLAGS = "";
				PRODUCT_NAME = "$(TARGET_NAME)";
			};
			name = Release;
		};
		E66B59BD1C4A50C90053161E /* Debug */ = {
			isa = XCBuildConfiguration;
			buildSettings = {
				HEADER_SEARCH_PATHS = (
					"$(PROJECT_DIR)/MsgServerDispatcher",
					"$(PROJECT_DIR)/MsgServerDispatcher/DRTConnection",
					"$(PROJECT_DIR)/MsgServerDispatcher/DRTListener",
					"$(PROJECT_DIR)/MsgServerDispatcher/DRTTransfer",
					"$(PROJECT_DIR)/MsgServer/MSCommon",
					"$(PROJECT_DIR)/MsgServer/MSCommon/MSBase",
					"$(PROJECT_DIR)/MsgServer/MSCommon/MSCommon",
					"$(PROJECT_DIR)/MsgServer/MSCommon/MSProtocol",
					"$(PROJECT_DIR)/MsgServer/MSCommon/MSThirdParty",
					"$(PROJECT_DIR)/MsgServer/MSCommon/MSThirdParty/autoref",
					"$(PROJECT_DIR)/MsgServer/MSCommon/MSThirdParty/hiredis",
					"$(PROJECT_DIR)/MsgServer/MSCommon/MSThirdParty/libhttp",
					"$(PROJECT_DIR)/MsgServer/MSCommon/MSThirdParty/RTComm",
					"$(PROJECT_DIR)/MsgServer/MSCommon/MSThirdParty/rtklog",
					"$(PROJECT_DIR)/MsgServer/MSCommon/MSThirdParty/zkclient/common/include",
					"$(PROJECT_DIR)/MsgServer/MSCommon/MSThirdParty/zkclient/efnfw",
					/usr/local/include,
				);
				LIBRARY_SEARCH_PATHS = "$(inherited)";
				OTHER_LDFLAGS = (
					"-L/usr/local/lib",
					"-ljsoncpp",
					"-L/usr/local/lib",
					"-lzookeeper_mt",
				);
				PRODUCT_NAME = "$(TARGET_NAME)";
			};
			name = Debug;
		};
		E66B59BE1C4A50C90053161E /* Release */ = {
			isa = XCBuildConfiguration;
			buildSettings = {
				HEADER_SEARCH_PATHS = (
					"$(PROJECT_DIR)/MsgServerDispatcher",
					"$(PROJECT_DIR)/MsgServerDispatcher/DRTConnection",
					"$(PROJECT_DIR)/MsgServerDispatcher/DRTListener",
					"$(PROJECT_DIR)/MsgServerDispatcher/DRTTransfer",
					"$(PROJECT_DIR)/MsgServer/MSCommon",
					"$(PROJECT_DIR)/MsgServer/MSCommon/MSBase",
					"$(PROJECT_DIR)/MsgServer/MSCommon/MSCommon",
					"$(PROJECT_DIR)/MsgServer/MSCommon/MSProtocol",
					"$(PROJECT_DIR)/MsgServer/MSCommon/MSThirdParty",
					"$(PROJECT_DIR)/MsgServer/MSCommon/MSThirdParty/autoref",
					"$(PROJECT_DIR)/MsgServer/MSCommon/MSThirdParty/hiredis",
					"$(PROJECT_DIR)/MsgServer/MSCommon/MSThirdParty/libhttp",
					"$(PROJECT_DIR)/MsgServer/MSCommon/MSThirdParty/RTComm",
					"$(PROJECT_DIR)/MsgServer/MSCommon/MSThirdParty/rtklog",
					"$(PROJECT_DIR)/MsgServer/MSCommon/MSThirdParty/zkclient/common/include",
					"$(PROJECT_DIR)/MsgServer/MSCommon/MSThirdParty/zkclient/efnfw",
					/usr/local/include,
				);
				LIBRARY_SEARCH_PATHS = "$(inherited)";
				OTHER_LDFLAGS = (
					"-L/usr/local/lib",
					"-ljsoncpp",
					"-L/usr/local/lib",
					"-lzookeeper_mt",
				);
				PRODUCT_NAME = "$(TARGET_NAME)";
			};
			name = Release;
		};
		E66B59C81C4A50F10053161E /* Debug */ = {
			isa = XCBuildConfiguration;
			buildSettings = {
				HEADER_SEARCH_PATHS = (
					"$(PROJECT_DIR)/MsgServerMeeting",
					"$(PROJECT_DIR)/MsgServerMeeting/MRTHttp",
					"$(PROJECT_DIR)/MsgServerMeeting/MRTTransfer",
					"$(PROJECT_DIR)/MsgServer/MSCommon",
					"$(PROJECT_DIR)/MsgServer/MSCommon/MSBase",
					"$(PROJECT_DIR)/MsgServer/MSCommon/MSCommon",
					"$(PROJECT_DIR)/MsgServer/MSCommon/MSHttp",
					"$(PROJECT_DIR)/MsgServer/MSCommon/MSProtocol",
					"$(PROJECT_DIR)/MsgServer/MSCommon/MSThirdParty",
					"$(PROJECT_DIR)/MsgServer/MSCommon/MSThirdParty/autoref",
					"$(PROJECT_DIR)/MsgServer/MSCommon/MSThirdParty/hiredis",
					"$(PROJECT_DIR)/MsgServer/MSCommon/MSThirdParty/libhttp",
					"$(PROJECT_DIR)/MsgServer/MSCommon/MSThirdParty/RTComm",
					"$(PROJECT_DIR)/MsgServer/MSCommon/MSThirdParty/rtklog",
					"$(PROJECT_DIR)/MsgServer/MSCommon/MSThirdParty/zkclient/common/include",
					"$(PROJECT_DIR)/MsgServer/MSCommon/MSThirdParty/zkclient/efnfw",
					/usr/local/include,
				);
				LIBRARY_SEARCH_PATHS = "$(inherited)";
				OTHER_LDFLAGS = (
					"-L/usr/local/lib",
					"-ljsoncpp",
					"-L/usr/local/lib",
					"-lzookeeper_mt",
				);
				PRODUCT_NAME = "$(TARGET_NAME)";
			};
			name = Debug;
		};
		E66B59C91C4A50F10053161E /* Release */ = {
			isa = XCBuildConfiguration;
			buildSettings = {
				HEADER_SEARCH_PATHS = (
					"$(PROJECT_DIR)/MsgServerMeeting",
					"$(PROJECT_DIR)/MsgServerMeeting/MRTHttp",
					"$(PROJECT_DIR)/MsgServerMeeting/MRTTransfer",
					"$(PROJECT_DIR)/MsgServer/MSCommon",
					"$(PROJECT_DIR)/MsgServer/MSCommon/MSBase",
					"$(PROJECT_DIR)/MsgServer/MSCommon/MSCommon",
					"$(PROJECT_DIR)/MsgServer/MSCommon/MSHttp",
					"$(PROJECT_DIR)/MsgServer/MSCommon/MSProtocol",
					"$(PROJECT_DIR)/MsgServer/MSCommon/MSThirdParty",
					"$(PROJECT_DIR)/MsgServer/MSCommon/MSThirdParty/autoref",
					"$(PROJECT_DIR)/MsgServer/MSCommon/MSThirdParty/hiredis",
					"$(PROJECT_DIR)/MsgServer/MSCommon/MSThirdParty/libhttp",
					"$(PROJECT_DIR)/MsgServer/MSCommon/MSThirdParty/RTComm",
					"$(PROJECT_DIR)/MsgServer/MSCommon/MSThirdParty/rtklog",
					"$(PROJECT_DIR)/MsgServer/MSCommon/MSThirdParty/zkclient/common/include",
					"$(PROJECT_DIR)/MsgServer/MSCommon/MSThirdParty/zkclient/efnfw",
					/usr/local/include,
				);
				LIBRARY_SEARCH_PATHS = "$(inherited)";
				OTHER_LDFLAGS = (
					"-L/usr/local/lib",
					"-ljsoncpp",
					"-L/usr/local/lib",
					"-lzookeeper_mt",
				);
				PRODUCT_NAME = "$(TARGET_NAME)";
			};
			name = Release;
		};
		E66B59D01C4A516B0053161E /* Debug */ = {
			isa = XCBuildConfiguration;
			buildSettings = {
				CLANG_CXX_LANGUAGE_STANDARD = "c++0x";
				CLANG_WARN_CXX0X_EXTENSIONS = YES;
				EXECUTABLE_PREFIX = lib;
				GCC_C_LANGUAGE_STANDARD = c11;
				HEADER_SEARCH_PATHS = (
					"$(PROJECT_DIR)/MsgServer/MSCommon",
					"$(PROJECT_DIR)/MsgServer/MSCommon/MSBase",
					"$(PROJECT_DIR)/MsgServer/MSCommon/MSCommon",
					"$(PROJECT_DIR)/MsgServer/MSCommon/MSHttp",
					"$(PROJECT_DIR)/MsgServer/MSCommon/MSProtocol",
					"$(PROJECT_DIR)/MsgServer/MSCommon/MSThirdParty",
					"$(PROJECT_DIR)/MsgServer/MSCommon/MSThirdParty/autoref",
					"$(PROJECT_DIR)/MsgServer/MSCommon/MSThirdParty/hiredis",
					"$(PROJECT_DIR)/MsgServer/MSCommon/MSThirdParty/libhttp",
					"$(PROJECT_DIR)/MsgServer/MSCommon/MSThirdParty/RTComm",
					"$(PROJECT_DIR)/MsgServer/MSCommon/MSThirdParty/rtklog",
					"$(PROJECT_DIR)/MsgServer/MSCommon/MSThirdParty/zkclient/common/include",
					"$(PROJECT_DIR)/MsgServer/MSCommon/MSThirdParty/zkclient/efnfw",
					/usr/local/include,
				);
				LIBRARY_SEARCH_PATHS = "$(inherited)";
				PRODUCT_NAME = "$(TARGET_NAME)";
			};
			name = Debug;
		};
		E66B59D11C4A516B0053161E /* Release */ = {
			isa = XCBuildConfiguration;
			buildSettings = {
				CLANG_CXX_LANGUAGE_STANDARD = "c++0x";
				CLANG_WARN_CXX0X_EXTENSIONS = YES;
				EXECUTABLE_PREFIX = lib;
				GCC_C_LANGUAGE_STANDARD = c11;
				HEADER_SEARCH_PATHS = (
					"$(PROJECT_DIR)/MsgServer/MSCommon",
					"$(PROJECT_DIR)/MsgServer/MSCommon/MSBase",
					"$(PROJECT_DIR)/MsgServer/MSCommon/MSCommon",
					"$(PROJECT_DIR)/MsgServer/MSCommon/MSHttp",
					"$(PROJECT_DIR)/MsgServer/MSCommon/MSProtocol",
					"$(PROJECT_DIR)/MsgServer/MSCommon/MSThirdParty",
					"$(PROJECT_DIR)/MsgServer/MSCommon/MSThirdParty/autoref",
					"$(PROJECT_DIR)/MsgServer/MSCommon/MSThirdParty/hiredis",
					"$(PROJECT_DIR)/MsgServer/MSCommon/MSThirdParty/libhttp",
					"$(PROJECT_DIR)/MsgServer/MSCommon/MSThirdParty/RTComm",
					"$(PROJECT_DIR)/MsgServer/MSCommon/MSThirdParty/rtklog",
					"$(PROJECT_DIR)/MsgServer/MSCommon/MSThirdParty/zkclient/common/include",
					"$(PROJECT_DIR)/MsgServer/MSCommon/MSThirdParty/zkclient/efnfw",
					/usr/local/include,
				);
				LIBRARY_SEARCH_PATHS = "$(inherited)";
				PRODUCT_NAME = "$(TARGET_NAME)";
			};
			name = Release;
		};
/* End XCBuildConfiguration section */

/* Begin XCConfigurationList section */
		E66B599A1C4A50360053161E /* Build configuration list for PBXProject "MsgServer" */ = {
			isa = XCConfigurationList;
			buildConfigurations = (
				E66B59A41C4A50360053161E /* Debug */,
				E66B59A51C4A50360053161E /* Release */,
			);
			defaultConfigurationIsVisible = 0;
			defaultConfigurationName = Release;
		};
		E66B59B11C4A506D0053161E /* Build configuration list for PBXNativeTarget "MsgServerConnector" */ = {
			isa = XCConfigurationList;
			buildConfigurations = (
				E66B59B21C4A506D0053161E /* Debug */,
				E66B59B31C4A506D0053161E /* Release */,
			);
			defaultConfigurationIsVisible = 0;
			defaultConfigurationName = Release;
		};
		E66B59BC1C4A50C90053161E /* Build configuration list for PBXNativeTarget "MsgServerDispatcher" */ = {
			isa = XCConfigurationList;
			buildConfigurations = (
				E66B59BD1C4A50C90053161E /* Debug */,
				E66B59BE1C4A50C90053161E /* Release */,
			);
			defaultConfigurationIsVisible = 0;
			defaultConfigurationName = Release;
		};
		E66B59C71C4A50F10053161E /* Build configuration list for PBXNativeTarget "MsgServerMeeting" */ = {
			isa = XCConfigurationList;
			buildConfigurations = (
				E66B59C81C4A50F10053161E /* Debug */,
				E66B59C91C4A50F10053161E /* Release */,
			);
			defaultConfigurationIsVisible = 0;
			defaultConfigurationName = Release;
		};
		E66B59CF1C4A516B0053161E /* Build configuration list for PBXNativeTarget "MSCommon" */ = {
			isa = XCConfigurationList;
			buildConfigurations = (
				E66B59D01C4A516B0053161E /* Debug */,
				E66B59D11C4A516B0053161E /* Release */,
			);
			defaultConfigurationIsVisible = 0;
			defaultConfigurationName = Release;
		};
/* End XCConfigurationList section */
	};
	rootObject = E66B59971C4A50360053161E /* Project object */;
}
