// !$*UTF8*$!
{
	archiveVersion = 1;
	classes = {
	};
	objectVersion = 46;
	objects = {

/* Begin PBXBuildFile section */
		E6806A711C0564A100C4AF8A /* ae.h in Headers */ = {isa = PBXBuildFile; fileRef = E6806A4B1C0564A100C4AF8A /* ae.h */; };
		E6806A721C0564A100C4AF8A /* glib.h in Headers */ = {isa = PBXBuildFile; fileRef = E6806A4C1C0564A100C4AF8A /* glib.h */; };
		E6806A731C0564A100C4AF8A /* ivykis.h in Headers */ = {isa = PBXBuildFile; fileRef = E6806A4D1C0564A100C4AF8A /* ivykis.h */; };
		E6806A741C0564A100C4AF8A /* libev.h in Headers */ = {isa = PBXBuildFile; fileRef = E6806A4E1C0564A100C4AF8A /* libev.h */; };
		E6806A751C0564A100C4AF8A /* libevent.h in Headers */ = {isa = PBXBuildFile; fileRef = E6806A4F1C0564A100C4AF8A /* libevent.h */; };
		E6806A761C0564A100C4AF8A /* libuv.h in Headers */ = {isa = PBXBuildFile; fileRef = E6806A501C0564A100C4AF8A /* libuv.h */; };
		E6806A771C0564A100C4AF8A /* macosx.h in Headers */ = {isa = PBXBuildFile; fileRef = E6806A511C0564A100C4AF8A /* macosx.h */; };
		E6806A781C0564A100C4AF8A /* qt.h in Headers */ = {isa = PBXBuildFile; fileRef = E6806A521C0564A100C4AF8A /* qt.h */; };
		E6806A791C0564A100C4AF8A /* async.c in Sources */ = {isa = PBXBuildFile; fileRef = E6806A531C0564A100C4AF8A /* async.c */; };
		E6806A7A1C0564A100C4AF8A /* async.h in Headers */ = {isa = PBXBuildFile; fileRef = E6806A541C0564A100C4AF8A /* async.h */; };
		E6806A7C1C0564A100C4AF8A /* dict.c in Sources */ = {isa = PBXBuildFile; fileRef = E6806A571C0564A100C4AF8A /* dict.c */; };
		E6806A7D1C0564A100C4AF8A /* dict.h in Headers */ = {isa = PBXBuildFile; fileRef = E6806A581C0564A100C4AF8A /* dict.h */; };
		E6806A881C0564A100C4AF8A /* fmacros.h in Headers */ = {isa = PBXBuildFile; fileRef = E6806A641C0564A100C4AF8A /* fmacros.h */; };
		E6806A891C0564A100C4AF8A /* hiredis.c in Sources */ = {isa = PBXBuildFile; fileRef = E6806A651C0564A100C4AF8A /* hiredis.c */; };
		E6806A8A1C0564A100C4AF8A /* hiredis.h in Headers */ = {isa = PBXBuildFile; fileRef = E6806A661C0564A100C4AF8A /* hiredis.h */; };
		E6806A8B1C0564A100C4AF8A /* Makefile in Sources */ = {isa = PBXBuildFile; fileRef = E6806A671C0564A100C4AF8A /* Makefile */; };
		E6806A8C1C0564A100C4AF8A /* net.c in Sources */ = {isa = PBXBuildFile; fileRef = E6806A681C0564A100C4AF8A /* net.c */; };
		E6806A8D1C0564A100C4AF8A /* net.h in Headers */ = {isa = PBXBuildFile; fileRef = E6806A691C0564A100C4AF8A /* net.h */; };
		E6806A8E1C0564A100C4AF8A /* read.c in Sources */ = {isa = PBXBuildFile; fileRef = E6806A6A1C0564A100C4AF8A /* read.c */; };
		E6806A8F1C0564A100C4AF8A /* read.h in Headers */ = {isa = PBXBuildFile; fileRef = E6806A6B1C0564A100C4AF8A /* read.h */; };
		E6806A911C0564A100C4AF8A /* sds.c in Sources */ = {isa = PBXBuildFile; fileRef = E6806A6D1C0564A100C4AF8A /* sds.c */; };
		E6806A921C0564A100C4AF8A /* sds.h in Headers */ = {isa = PBXBuildFile; fileRef = E6806A6E1C0564A100C4AF8A /* sds.h */; };
/* End PBXBuildFile section */

/* Begin PBXFileReference section */
		E6806A401C05645900C4AF8A /* libhiredis.a */ = {isa = PBXFileReference; explicitFileType = archive.ar; includeInIndex = 0; path = libhiredis.a; sourceTree = BUILT_PRODUCTS_DIR; };
		E6806A481C0564A100C4AF8A /* .gitignore */ = {isa = PBXFileReference; fileEncoding = 4; lastKnownFileType = text; path = .gitignore; sourceTree = "<group>"; };
		E6806A491C0564A100C4AF8A /* .travis.yml */ = {isa = PBXFileReference; fileEncoding = 4; lastKnownFileType = text; path = .travis.yml; sourceTree = "<group>"; };
		E6806A4B1C0564A100C4AF8A /* ae.h */ = {isa = PBXFileReference; fileEncoding = 4; lastKnownFileType = sourcecode.c.h; path = ae.h; sourceTree = "<group>"; };
		E6806A4C1C0564A100C4AF8A /* glib.h */ = {isa = PBXFileReference; fileEncoding = 4; lastKnownFileType = sourcecode.c.h; path = glib.h; sourceTree = "<group>"; };
		E6806A4D1C0564A100C4AF8A /* ivykis.h */ = {isa = PBXFileReference; fileEncoding = 4; lastKnownFileType = sourcecode.c.h; path = ivykis.h; sourceTree = "<group>"; };
		E6806A4E1C0564A100C4AF8A /* libev.h */ = {isa = PBXFileReference; fileEncoding = 4; lastKnownFileType = sourcecode.c.h; path = libev.h; sourceTree = "<group>"; };
		E6806A4F1C0564A100C4AF8A /* libevent.h */ = {isa = PBXFileReference; fileEncoding = 4; lastKnownFileType = sourcecode.c.h; path = libevent.h; sourceTree = "<group>"; };
		E6806A501C0564A100C4AF8A /* libuv.h */ = {isa = PBXFileReference; fileEncoding = 4; lastKnownFileType = sourcecode.c.h; path = libuv.h; sourceTree = "<group>"; };
		E6806A511C0564A100C4AF8A /* macosx.h */ = {isa = PBXFileReference; fileEncoding = 4; lastKnownFileType = sourcecode.c.h; path = macosx.h; sourceTree = "<group>"; };
		E6806A521C0564A100C4AF8A /* qt.h */ = {isa = PBXFileReference; fileEncoding = 4; lastKnownFileType = sourcecode.c.h; path = qt.h; sourceTree = "<group>"; };
		E6806A531C0564A100C4AF8A /* async.c */ = {isa = PBXFileReference; fileEncoding = 4; lastKnownFileType = sourcecode.c.c; path = async.c; sourceTree = "<group>"; };
		E6806A541C0564A100C4AF8A /* async.h */ = {isa = PBXFileReference; fileEncoding = 4; lastKnownFileType = sourcecode.c.h; path = async.h; sourceTree = "<group>"; };
		E6806A551C0564A100C4AF8A /* CHANGELOG.md */ = {isa = PBXFileReference; fileEncoding = 4; lastKnownFileType = net.daringfireball.markdown; path = CHANGELOG.md; sourceTree = "<group>"; };
		E6806A561C0564A100C4AF8A /* COPYING */ = {isa = PBXFileReference; fileEncoding = 4; lastKnownFileType = text; path = COPYING; sourceTree = "<group>"; };
		E6806A571C0564A100C4AF8A /* dict.c */ = {isa = PBXFileReference; fileEncoding = 4; lastKnownFileType = sourcecode.c.c; path = dict.c; sourceTree = "<group>"; };
		E6806A581C0564A100C4AF8A /* dict.h */ = {isa = PBXFileReference; fileEncoding = 4; lastKnownFileType = sourcecode.c.h; path = dict.h; sourceTree = "<group>"; };
		E6806A5A1C0564A100C4AF8A /* example-ae.c */ = {isa = PBXFileReference; fileEncoding = 4; lastKnownFileType = sourcecode.c.c; path = "example-ae.c"; sourceTree = "<group>"; };
		E6806A5B1C0564A100C4AF8A /* example-glib.c */ = {isa = PBXFileReference; fileEncoding = 4; lastKnownFileType = sourcecode.c.c; path = "example-glib.c"; sourceTree = "<group>"; };
		E6806A5C1C0564A100C4AF8A /* example-ivykis.c */ = {isa = PBXFileReference; fileEncoding = 4; lastKnownFileType = sourcecode.c.c; path = "example-ivykis.c"; sourceTree = "<group>"; };
		E6806A5D1C0564A100C4AF8A /* example-libev.c */ = {isa = PBXFileReference; fileEncoding = 4; lastKnownFileType = sourcecode.c.c; path = "example-libev.c"; sourceTree = "<group>"; };
		E6806A5E1C0564A100C4AF8A /* example-libevent.c */ = {isa = PBXFileReference; fileEncoding = 4; lastKnownFileType = sourcecode.c.c; path = "example-libevent.c"; sourceTree = "<group>"; };
		E6806A5F1C0564A100C4AF8A /* example-libuv.c */ = {isa = PBXFileReference; fileEncoding = 4; lastKnownFileType = sourcecode.c.c; path = "example-libuv.c"; sourceTree = "<group>"; };
		E6806A601C0564A100C4AF8A /* example-macosx.c */ = {isa = PBXFileReference; fileEncoding = 4; lastKnownFileType = sourcecode.c.c; path = "example-macosx.c"; sourceTree = "<group>"; };
		E6806A611C0564A100C4AF8A /* example-qt.cpp */ = {isa = PBXFileReference; fileEncoding = 4; lastKnownFileType = sourcecode.cpp.cpp; path = "example-qt.cpp"; sourceTree = "<group>"; };
		E6806A621C0564A100C4AF8A /* example-qt.h */ = {isa = PBXFileReference; fileEncoding = 4; lastKnownFileType = sourcecode.c.h; path = "example-qt.h"; sourceTree = "<group>"; };
		E6806A631C0564A100C4AF8A /* example.c */ = {isa = PBXFileReference; fileEncoding = 4; lastKnownFileType = sourcecode.c.c; path = example.c; sourceTree = "<group>"; };
		E6806A641C0564A100C4AF8A /* fmacros.h */ = {isa = PBXFileReference; fileEncoding = 4; lastKnownFileType = sourcecode.c.h; path = fmacros.h; sourceTree = "<group>"; };
		E6806A651C0564A100C4AF8A /* hiredis.c */ = {isa = PBXFileReference; fileEncoding = 4; lastKnownFileType = sourcecode.c.c; path = hiredis.c; sourceTree = "<group>"; };
		E6806A661C0564A100C4AF8A /* hiredis.h */ = {isa = PBXFileReference; fileEncoding = 4; lastKnownFileType = sourcecode.c.h; path = hiredis.h; sourceTree = "<group>"; };
		E6806A671C0564A100C4AF8A /* Makefile */ = {isa = PBXFileReference; fileEncoding = 4; lastKnownFileType = sourcecode.make; path = Makefile; sourceTree = "<group>"; };
		E6806A681C0564A100C4AF8A /* net.c */ = {isa = PBXFileReference; fileEncoding = 4; lastKnownFileType = sourcecode.c.c; path = net.c; sourceTree = "<group>"; };
		E6806A691C0564A100C4AF8A /* net.h */ = {isa = PBXFileReference; fileEncoding = 4; lastKnownFileType = sourcecode.c.h; path = net.h; sourceTree = "<group>"; };
		E6806A6A1C0564A100C4AF8A /* read.c */ = {isa = PBXFileReference; fileEncoding = 4; lastKnownFileType = sourcecode.c.c; path = read.c; sourceTree = "<group>"; };
		E6806A6B1C0564A100C4AF8A /* read.h */ = {isa = PBXFileReference; fileEncoding = 4; lastKnownFileType = sourcecode.c.h; path = read.h; sourceTree = "<group>"; };
		E6806A6C1C0564A100C4AF8A /* README.md */ = {isa = PBXFileReference; fileEncoding = 4; lastKnownFileType = net.daringfireball.markdown; path = README.md; sourceTree = "<group>"; };
		E6806A6D1C0564A100C4AF8A /* sds.c */ = {isa = PBXFileReference; fileEncoding = 4; lastKnownFileType = sourcecode.c.c; path = sds.c; sourceTree = "<group>"; };
		E6806A6E1C0564A100C4AF8A /* sds.h */ = {isa = PBXFileReference; fileEncoding = 4; lastKnownFileType = sourcecode.c.h; path = sds.h; sourceTree = "<group>"; };
		E6806A6F1C0564A100C4AF8A /* test.c */ = {isa = PBXFileReference; fileEncoding = 4; lastKnownFileType = sourcecode.c.c; path = test.c; sourceTree = "<group>"; };
		E6806A701C0564A100C4AF8A /* win32.h */ = {isa = PBXFileReference; fileEncoding = 4; lastKnownFileType = sourcecode.c.h; path = win32.h; sourceTree = "<group>"; };
/* End PBXFileReference section */

/* Begin PBXFrameworksBuildPhase section */
		E6806A3D1C05645900C4AF8A /* Frameworks */ = {
			isa = PBXFrameworksBuildPhase;
			buildActionMask = 2147483647;
			files = (
			);
			runOnlyForDeploymentPostprocessing = 0;
		};
/* End PBXFrameworksBuildPhase section */

/* Begin PBXGroup section */
		E6806A371C05645900C4AF8A = {
			isa = PBXGroup;
			children = (
				E6806A471C0564A100C4AF8A /* hiredis */,
				E6806A411C05645900C4AF8A /* Products */,
			);
			sourceTree = "<group>";
		};
		E6806A411C05645900C4AF8A /* Products */ = {
			isa = PBXGroup;
			children = (
				E6806A401C05645900C4AF8A /* libhiredis.a */,
			);
			name = Products;
			sourceTree = "<group>";
		};
		E6806A471C0564A100C4AF8A /* hiredis */ = {
			isa = PBXGroup;
			children = (
				E6806A481C0564A100C4AF8A /* .gitignore */,
				E6806A491C0564A100C4AF8A /* .travis.yml */,
				E6806A4A1C0564A100C4AF8A /* adapters */,
				E6806A531C0564A100C4AF8A /* async.c */,
				E6806A541C0564A100C4AF8A /* async.h */,
				E6806A551C0564A100C4AF8A /* CHANGELOG.md */,
				E6806A561C0564A100C4AF8A /* COPYING */,
				E6806A571C0564A100C4AF8A /* dict.c */,
				E6806A581C0564A100C4AF8A /* dict.h */,
				E6806A591C0564A100C4AF8A /* examples */,
				E6806A641C0564A100C4AF8A /* fmacros.h */,
				E6806A651C0564A100C4AF8A /* hiredis.c */,
				E6806A661C0564A100C4AF8A /* hiredis.h */,
				E6806A671C0564A100C4AF8A /* Makefile */,
				E6806A681C0564A100C4AF8A /* net.c */,
				E6806A691C0564A100C4AF8A /* net.h */,
				E6806A6A1C0564A100C4AF8A /* read.c */,
				E6806A6B1C0564A100C4AF8A /* read.h */,
				E6806A6C1C0564A100C4AF8A /* README.md */,
				E6806A6D1C0564A100C4AF8A /* sds.c */,
				E6806A6E1C0564A100C4AF8A /* sds.h */,
				E6806A6F1C0564A100C4AF8A /* test.c */,
				E6806A701C0564A100C4AF8A /* win32.h */,
			);
			path = hiredis;
			sourceTree = "<group>";
		};
		E6806A4A1C0564A100C4AF8A /* adapters */ = {
			isa = PBXGroup;
			children = (
				E6806A4B1C0564A100C4AF8A /* ae.h */,
				E6806A4C1C0564A100C4AF8A /* glib.h */,
				E6806A4D1C0564A100C4AF8A /* ivykis.h */,
				E6806A4E1C0564A100C4AF8A /* libev.h */,
				E6806A4F1C0564A100C4AF8A /* libevent.h */,
				E6806A501C0564A100C4AF8A /* libuv.h */,
				E6806A511C0564A100C4AF8A /* macosx.h */,
				E6806A521C0564A100C4AF8A /* qt.h */,
			);
			path = adapters;
			sourceTree = "<group>";
		};
		E6806A591C0564A100C4AF8A /* examples */ = {
			isa = PBXGroup;
			children = (
				E6806A5A1C0564A100C4AF8A /* example-ae.c */,
				E6806A5B1C0564A100C4AF8A /* example-glib.c */,
				E6806A5C1C0564A100C4AF8A /* example-ivykis.c */,
				E6806A5D1C0564A100C4AF8A /* example-libev.c */,
				E6806A5E1C0564A100C4AF8A /* example-libevent.c */,
				E6806A5F1C0564A100C4AF8A /* example-libuv.c */,
				E6806A601C0564A100C4AF8A /* example-macosx.c */,
				E6806A611C0564A100C4AF8A /* example-qt.cpp */,
				E6806A621C0564A100C4AF8A /* example-qt.h */,
				E6806A631C0564A100C4AF8A /* example.c */,
			);
			path = examples;
			sourceTree = "<group>";
		};
/* End PBXGroup section */

/* Begin PBXHeadersBuildPhase section */
		E6806A3E1C05645900C4AF8A /* Headers */ = {
			isa = PBXHeadersBuildPhase;
			buildActionMask = 2147483647;
			files = (
				E6806A8F1C0564A100C4AF8A /* read.h in Headers */,
				E6806A7D1C0564A100C4AF8A /* dict.h in Headers */,
				E6806A8A1C0564A100C4AF8A /* hiredis.h in Headers */,
				E6806A8D1C0564A100C4AF8A /* net.h in Headers */,
				E6806A7A1C0564A100C4AF8A /* async.h in Headers */,
				E6806A921C0564A100C4AF8A /* sds.h in Headers */,
				E6806A721C0564A100C4AF8A /* glib.h in Headers */,
				E6806A751C0564A100C4AF8A /* libevent.h in Headers */,
				E6806A771C0564A100C4AF8A /* macosx.h in Headers */,
				E6806A711C0564A100C4AF8A /* ae.h in Headers */,
				E6806A881C0564A100C4AF8A /* fmacros.h in Headers */,
				E6806A761C0564A100C4AF8A /* libuv.h in Headers */,
				E6806A731C0564A100C4AF8A /* ivykis.h in Headers */,
				E6806A741C0564A100C4AF8A /* libev.h in Headers */,
				E6806A781C0564A100C4AF8A /* qt.h in Headers */,
			);
			runOnlyForDeploymentPostprocessing = 0;
		};
/* End PBXHeadersBuildPhase section */

/* Begin PBXNativeTarget section */
		E6806A3F1C05645900C4AF8A /* hiredis */ = {
			isa = PBXNativeTarget;
			buildConfigurationList = E6806A441C05645900C4AF8A /* Build configuration list for PBXNativeTarget "hiredis" */;
			buildPhases = (
				E6806A3C1C05645900C4AF8A /* Sources */,
				E6806A3D1C05645900C4AF8A /* Frameworks */,
				E6806A3E1C05645900C4AF8A /* Headers */,
			);
			buildRules = (
			);
			dependencies = (
			);
			name = hiredis;
			productName = hiredis;
			productReference = E6806A401C05645900C4AF8A /* libhiredis.a */;
			productType = "com.apple.product-type.library.static";
		};
/* End PBXNativeTarget section */

/* Begin PBXProject section */
		E6806A381C05645900C4AF8A /* Project object */ = {
			isa = PBXProject;
			attributes = {
				LastUpgradeCheck = 0640;
				ORGANIZATIONNAME = hp;
				TargetAttributes = {
					E6806A3F1C05645900C4AF8A = {
						CreatedOnToolsVersion = 6.4;
					};
				};
			};
			buildConfigurationList = E6806A3B1C05645900C4AF8A /* Build configuration list for PBXProject "hiredis" */;
			compatibilityVersion = "Xcode 3.2";
			developmentRegion = English;
			hasScannedForEncodings = 0;
			knownRegions = (
				en,
			);
			mainGroup = E6806A371C05645900C4AF8A;
			productRefGroup = E6806A411C05645900C4AF8A /* Products */;
			projectDirPath = "";
			projectRoot = "";
			targets = (
				E6806A3F1C05645900C4AF8A /* hiredis */,
			);
		};
/* End PBXProject section */

/* Begin PBXSourcesBuildPhase section */
		E6806A3C1C05645900C4AF8A /* Sources */ = {
			isa = PBXSourcesBuildPhase;
			buildActionMask = 2147483647;
			files = (
				E6806A911C0564A100C4AF8A /* sds.c in Sources */,
				E6806A7C1C0564A100C4AF8A /* dict.c in Sources */,
				E6806A791C0564A100C4AF8A /* async.c in Sources */,
				E6806A8E1C0564A100C4AF8A /* read.c in Sources */,
				E6806A8C1C0564A100C4AF8A /* net.c in Sources */,
				E6806A891C0564A100C4AF8A /* hiredis.c in Sources */,
				E6806A8B1C0564A100C4AF8A /* Makefile in Sources */,
			);
			runOnlyForDeploymentPostprocessing = 0;
		};
/* End PBXSourcesBuildPhase section */

/* Begin XCBuildConfiguration section */
		E6806A421C05645900C4AF8A /* Debug */ = {
			isa = XCBuildConfiguration;
			buildSettings = {
				ALWAYS_SEARCH_USER_PATHS = NO;
				CLANG_CXX_LANGUAGE_STANDARD = "gnu++0x";
				CLANG_CXX_LIBRARY = "libc++";
				CLANG_ENABLE_MODULES = YES;
				CLANG_ENABLE_OBJC_ARC = YES;
				CLANG_WARN_BOOL_CONVERSION = YES;
				CLANG_WARN_CONSTANT_CONVERSION = YES;
				CLANG_WARN_DIRECT_OBJC_ISA_USAGE = YES_ERROR;
				CLANG_WARN_EMPTY_BODY = YES;
				CLANG_WARN_ENUM_CONVERSION = YES;
				CLANG_WARN_INT_CONVERSION = YES;
				CLANG_WARN_OBJC_ROOT_CLASS = YES_ERROR;
				CLANG_WARN_UNREACHABLE_CODE = YES;
				CLANG_WARN__DUPLICATE_METHOD_MATCH = YES;
				COPY_PHASE_STRIP = NO;
				DEBUG_INFORMATION_FORMAT = dwarf;
				ENABLE_STRICT_OBJC_MSGSEND = YES;
				GCC_C_LANGUAGE_STANDARD = gnu99;
				GCC_DYNAMIC_NO_PIC = NO;
				GCC_NO_COMMON_BLOCKS = YES;
				GCC_OPTIMIZATION_LEVEL = 0;
				GCC_PREPROCESSOR_DEFINITIONS = (
					"DEBUG=1",
					"$(inherited)",
				);
				GCC_SYMBOLS_PRIVATE_EXTERN = NO;
				GCC_WARN_64_TO_32_BIT_CONVERSION = YES;
				GCC_WARN_ABOUT_RETURN_TYPE = YES_ERROR;
				GCC_WARN_UNDECLARED_SELECTOR = YES;
				GCC_WARN_UNINITIALIZED_AUTOS = YES_AGGRESSIVE;
				GCC_WARN_UNUSED_FUNCTION = YES;
				GCC_WARN_UNUSED_VARIABLE = YES;
				MACOSX_DEPLOYMENT_TARGET = 10.10;
				MTL_ENABLE_DEBUG_INFO = YES;
				ONLY_ACTIVE_ARCH = YES;
				SDKROOT = macosx;
			};
			name = Debug;
		};
		E6806A431C05645900C4AF8A /* Release */ = {
			isa = XCBuildConfiguration;
			buildSettings = {
				ALWAYS_SEARCH_USER_PATHS = NO;
				CLANG_CXX_LANGUAGE_STANDARD = "gnu++0x";
				CLANG_CXX_LIBRARY = "libc++";
				CLANG_ENABLE_MODULES = YES;
				CLANG_ENABLE_OBJC_ARC = YES;
				CLANG_WARN_BOOL_CONVERSION = YES;
				CLANG_WARN_CONSTANT_CONVERSION = YES;
				CLANG_WARN_DIRECT_OBJC_ISA_USAGE = YES_ERROR;
				CLANG_WARN_EMPTY_BODY = YES;
				CLANG_WARN_ENUM_CONVERSION = YES;
				CLANG_WARN_INT_CONVERSION = YES;
				CLANG_WARN_OBJC_ROOT_CLASS = YES_ERROR;
				CLANG_WARN_UNREACHABLE_CODE = YES;
				CLANG_WARN__DUPLICATE_METHOD_MATCH = YES;
				COPY_PHASE_STRIP = NO;
				DEBUG_INFORMATION_FORMAT = "dwarf-with-dsym";
				ENABLE_NS_ASSERTIONS = NO;
				ENABLE_STRICT_OBJC_MSGSEND = YES;
				GCC_C_LANGUAGE_STANDARD = gnu99;
				GCC_NO_COMMON_BLOCKS = YES;
				GCC_WARN_64_TO_32_BIT_CONVERSION = YES;
				GCC_WARN_ABOUT_RETURN_TYPE = YES_ERROR;
				GCC_WARN_UNDECLARED_SELECTOR = YES;
				GCC_WARN_UNINITIALIZED_AUTOS = YES_AGGRESSIVE;
				GCC_WARN_UNUSED_FUNCTION = YES;
				GCC_WARN_UNUSED_VARIABLE = YES;
				MACOSX_DEPLOYMENT_TARGET = 10.10;
				MTL_ENABLE_DEBUG_INFO = NO;
				SDKROOT = macosx;
			};
			name = Release;
		};
		E6806A451C05645900C4AF8A /* Debug */ = {
			isa = XCBuildConfiguration;
			buildSettings = {
				EXECUTABLE_PREFIX = lib;
				PRODUCT_NAME = "$(TARGET_NAME)";
			};
			name = Debug;
		};
		E6806A461C05645900C4AF8A /* Release */ = {
			isa = XCBuildConfiguration;
			buildSettings = {
				EXECUTABLE_PREFIX = lib;
				PRODUCT_NAME = "$(TARGET_NAME)";
			};
			name = Release;
		};
/* End XCBuildConfiguration section */

/* Begin XCConfigurationList section */
		E6806A3B1C05645900C4AF8A /* Build configuration list for PBXProject "hiredis" */ = {
			isa = XCConfigurationList;
			buildConfigurations = (
				E6806A421C05645900C4AF8A /* Debug */,
				E6806A431C05645900C4AF8A /* Release */,
			);
			defaultConfigurationIsVisible = 0;
			defaultConfigurationName = Release;
		};
		E6806A441C05645900C4AF8A /* Build configuration list for PBXNativeTarget "hiredis" */ = {
			isa = XCConfigurationList;
			buildConfigurations = (
				E6806A451C05645900C4AF8A /* Debug */,
				E6806A461C05645900C4AF8A /* Release */,
			);
			defaultConfigurationIsVisible = 0;
		};
/* End XCConfigurationList section */
	};
	rootObject = E6806A381C05645900C4AF8A /* Project object */;
}
