// !$*UTF8*$!
{
	archiveVersion = 1;
	classes = {
	};
	objectVersion = 46;
	objects = {

/* Begin PBXFileReference section */
		E6FE46471BC7BEFD00ED97ED /* .DS_Store */ = {isa = PBXFileReference; lastKnownFileType = file; path = .DS_Store; sourceTree = "<group>"; };
		E6FE46481BC7BEFD00ED97ED /* Android */ = {isa = PBXFileReference; lastKnownFileType = folder; path = Android; sourceTree = "<group>"; };
		E6FE46491BC7BEFD00ED97ED /* atomic.cpp */ = {isa = PBXFileReference; lastKnownFileType = sourcecode.cpp.cpp; path = atomic.cpp; sourceTree = "<group>"; };
		E6FE464A1BC7BEFD00ED97ED /* atomic.h */ = {isa = PBXFileReference; lastKnownFileType = sourcecode.c.h; path = atomic.h; sourceTree = "<group>"; };
		E6FE464B1BC7BEFD00ED97ED /* base64.c */ = {isa = PBXFileReference; lastKnownFileType = sourcecode.c.c; path = base64.c; sourceTree = "<group>"; };
		E6FE464C1BC7BEFD00ED97ED /* base64.h */ = {isa = PBXFileReference; lastKnownFileType = sourcecode.c.h; path = base64.h; sourceTree = "<group>"; };
		E6FE464D1BC7BEFD00ED97ED /* CommonLib.vcproj.Eric-PC.Eric.user */ = {isa = PBXFileReference; lastKnownFileType = text.xml; path = "CommonLib.vcproj.Eric-PC.Eric.user"; sourceTree = "<group>"; };
		E6FE464E1BC7BEFD00ED97ED /* ConfParser.cpp */ = {isa = PBXFileReference; lastKnownFileType = sourcecode.cpp.cpp; path = ConfParser.cpp; sourceTree = "<group>"; };
		E6FE464F1BC7BEFD00ED97ED /* ConfParser.h */ = {isa = PBXFileReference; lastKnownFileType = sourcecode.c.h; path = ConfParser.h; sourceTree = "<group>"; };
		E6FE46501BC7BEFD00ED97ED /* daemon.c */ = {isa = PBXFileReference; lastKnownFileType = sourcecode.c.c; path = daemon.c; sourceTree = "<group>"; };
		E6FE46511BC7BEFD00ED97ED /* daemon.h */ = {isa = PBXFileReference; lastKnownFileType = sourcecode.c.h; path = daemon.h; sourceTree = "<group>"; };
		E6FE46521BC7BEFD00ED97ED /* DateTranslator.cpp */ = {isa = PBXFileReference; lastKnownFileType = sourcecode.cpp.cpp; path = DateTranslator.cpp; sourceTree = "<group>"; };
		E6FE46531BC7BEFD00ED97ED /* DateTranslator.h */ = {isa = PBXFileReference; lastKnownFileType = sourcecode.c.h; path = DateTranslator.h; sourceTree = "<group>"; };
		E6FE46541BC7BEFD00ED97ED /* DssStopwatch.h */ = {isa = PBXFileReference; lastKnownFileType = sourcecode.c.h; path = DssStopwatch.h; sourceTree = "<group>"; };
		E6FE46551BC7BEFD00ED97ED /* epev.cpp */ = {isa = PBXFileReference; lastKnownFileType = sourcecode.cpp.cpp; path = epev.cpp; sourceTree = "<group>"; };
		E6FE46561BC7BEFD00ED97ED /* ev.cpp */ = {isa = PBXFileReference; lastKnownFileType = sourcecode.cpp.cpp; path = ev.cpp; sourceTree = "<group>"; };
		E6FE46571BC7BEFD00ED97ED /* ev.h */ = {isa = PBXFileReference; lastKnownFileType = sourcecode.c.h; path = ev.h; sourceTree = "<group>"; };
		E6FE46581BC7BEFD00ED97ED /* EventContext.cpp */ = {isa = PBXFileReference; lastKnownFileType = sourcecode.cpp.cpp; path = EventContext.cpp; sourceTree = "<group>"; };
		E6FE46591BC7BEFD00ED97ED /* EventContext.h */ = {isa = PBXFileReference; lastKnownFileType = sourcecode.c.h; path = EventContext.h; sourceTree = "<group>"; };
		E6FE465A1BC7BEFD00ED97ED /* FastCopyMacros.h */ = {isa = PBXFileReference; lastKnownFileType = sourcecode.c.h; path = FastCopyMacros.h; sourceTree = "<group>"; };
		E6FE465B1BC7BEFD00ED97ED /* getopt.c */ = {isa = PBXFileReference; lastKnownFileType = sourcecode.c.c; path = getopt.c; sourceTree = "<group>"; };
		E6FE465C1BC7BEFD00ED97ED /* getopt.h */ = {isa = PBXFileReference; lastKnownFileType = sourcecode.c.h; path = getopt.h; sourceTree = "<group>"; };
		E6FE465D1BC7BEFD00ED97ED /* GetWord.c */ = {isa = PBXFileReference; lastKnownFileType = sourcecode.c.c; path = GetWord.c; sourceTree = "<group>"; };
		E6FE465E1BC7BEFD00ED97ED /* GetWord.h */ = {isa = PBXFileReference; lastKnownFileType = sourcecode.c.h; path = GetWord.h; sourceTree = "<group>"; };
		E6FE465F1BC7BEFD00ED97ED /* IdleTask.cpp */ = {isa = PBXFileReference; lastKnownFileType = sourcecode.cpp.cpp; path = IdleTask.cpp; sourceTree = "<group>"; };
		E6FE46601BC7BEFD00ED97ED /* IdleTask.h */ = {isa = PBXFileReference; lastKnownFileType = sourcecode.c.h; path = IdleTask.h; sourceTree = "<group>"; };
		E6FE46611BC7BEFD00ED97ED /* InternalStdLib.cpp */ = {isa = PBXFileReference; lastKnownFileType = sourcecode.cpp.cpp; path = InternalStdLib.cpp; sourceTree = "<group>"; };
		E6FE46621BC7BEFD00ED97ED /* libCommonUtilities.a */ = {isa = PBXFileReference; lastKnownFileType = archive.ar; path = libCommonUtilities.a; sourceTree = "<group>"; };
		E6FE46631BC7BEFD00ED97ED /* LinkedList.c */ = {isa = PBXFileReference; lastKnownFileType = sourcecode.c.c; path = LinkedList.c; sourceTree = "<group>"; };
		E6FE46641BC7BEFD00ED97ED /* LinkedList.h */ = {isa = PBXFileReference; lastKnownFileType = sourcecode.c.h; path = LinkedList.h; sourceTree = "<group>"; };
		E6FE46651BC7BEFD00ED97ED /* MakeDir.c */ = {isa = PBXFileReference; lastKnownFileType = sourcecode.c.c; path = MakeDir.c; sourceTree = "<group>"; };
		E6FE46661BC7BEFD00ED97ED /* MakeDir.h */ = {isa = PBXFileReference; lastKnownFileType = sourcecode.c.h; path = MakeDir.h; sourceTree = "<group>"; };
		E6FE46671BC7BEFD00ED97ED /* Makefile */ = {isa = PBXFileReference; lastKnownFileType = sourcecode.make; path = Makefile; sourceTree = "<group>"; };
		E6FE46681BC7BEFD00ED97ED /* Makefile.in */ = {isa = PBXFileReference; lastKnownFileType = text; path = Makefile.in; sourceTree = "<group>"; };
		E6FE46691BC7BEFD00ED97ED /* Makefile.POSIX */ = {isa = PBXFileReference; lastKnownFileType = text; path = Makefile.POSIX; sourceTree = "<group>"; };
		E6FE466A1BC7BEFD00ED97ED /* md5.c */ = {isa = PBXFileReference; lastKnownFileType = sourcecode.c.c; path = md5.c; sourceTree = "<group>"; };
		E6FE466B1BC7BEFD00ED97ED /* md5.h */ = {isa = PBXFileReference; lastKnownFileType = sourcecode.c.h; path = md5.h; sourceTree = "<group>"; };
		E6FE466C1BC7BEFD00ED97ED /* md5digest.cpp */ = {isa = PBXFileReference; lastKnownFileType = sourcecode.cpp.cpp; path = md5digest.cpp; sourceTree = "<group>"; };
		E6FE466D1BC7BEFD00ED97ED /* md5digest.h */ = {isa = PBXFileReference; lastKnownFileType = sourcecode.c.h; path = md5digest.h; sourceTree = "<group>"; };
		E6FE466E1BC7BEFD00ED97ED /* MyAssert.cpp */ = {isa = PBXFileReference; lastKnownFileType = sourcecode.cpp.cpp; path = MyAssert.cpp; sourceTree = "<group>"; };
		E6FE466F1BC7BEFD00ED97ED /* MyAssert.h */ = {isa = PBXFileReference; lastKnownFileType = sourcecode.c.h; path = MyAssert.h; sourceTree = "<group>"; };
		E6FE46701BC7BEFD00ED97ED /* mycondition.cpp */ = {isa = PBXFileReference; lastKnownFileType = sourcecode.cpp.cpp; path = mycondition.cpp; sourceTree = "<group>"; };
		E6FE46711BC7BEFD00ED97ED /* mycondition.h */ = {isa = PBXFileReference; lastKnownFileType = sourcecode.c.h; path = mycondition.h; sourceTree = "<group>"; };
		E6FE46721BC7BEFD00ED97ED /* mymutex.cpp */ = {isa = PBXFileReference; lastKnownFileType = sourcecode.cpp.cpp; path = mymutex.cpp; sourceTree = "<group>"; };
		E6FE46731BC7BEFD00ED97ED /* mymutex.h */ = {isa = PBXFileReference; lastKnownFileType = sourcecode.c.h; path = mymutex.h; sourceTree = "<group>"; };
		E6FE46741BC7BEFD00ED97ED /* OS.cpp */ = {isa = PBXFileReference; lastKnownFileType = sourcecode.cpp.cpp; path = OS.cpp; sourceTree = "<group>"; };
		E6FE46751BC7BEFD00ED97ED /* OS.h */ = {isa = PBXFileReference; lastKnownFileType = sourcecode.c.h; path = OS.h; sourceTree = "<group>"; };
		E6FE46761BC7BEFD00ED97ED /* OSArrayObjectDeleter.h */ = {isa = PBXFileReference; lastKnownFileType = sourcecode.c.h; path = OSArrayObjectDeleter.h; sourceTree = "<group>"; };
		E6FE46771BC7BEFD00ED97ED /* OSBufferPool.cpp */ = {isa = PBXFileReference; lastKnownFileType = sourcecode.cpp.cpp; path = OSBufferPool.cpp; sourceTree = "<group>"; };
		E6FE46781BC7BEFD00ED97ED /* OSBufferPool.h */ = {isa = PBXFileReference; lastKnownFileType = sourcecode.c.h; path = OSBufferPool.h; sourceTree = "<group>"; };
		E6FE46791BC7BEFD00ED97ED /* OSCodeFragment.cpp */ = {isa = PBXFileReference; lastKnownFileType = sourcecode.cpp.cpp; path = OSCodeFragment.cpp; sourceTree = "<group>"; };
		E6FE467A1BC7BEFD00ED97ED /* OSCodeFragment.h */ = {isa = PBXFileReference; lastKnownFileType = sourcecode.c.h; path = OSCodeFragment.h; sourceTree = "<group>"; };
		E6FE467B1BC7BEFD00ED97ED /* OSCond.cpp */ = {isa = PBXFileReference; lastKnownFileType = sourcecode.cpp.cpp; path = OSCond.cpp; sourceTree = "<group>"; };
		E6FE467C1BC7BEFD00ED97ED /* OSCond.h */ = {isa = PBXFileReference; lastKnownFileType = sourcecode.c.h; path = OSCond.h; sourceTree = "<group>"; };
		E6FE467D1BC7BEFD00ED97ED /* OSFileSource.cpp */ = {isa = PBXFileReference; lastKnownFileType = sourcecode.cpp.cpp; path = OSFileSource.cpp; sourceTree = "<group>"; };
		E6FE467E1BC7BEFD00ED97ED /* OSFileSource.h */ = {isa = PBXFileReference; lastKnownFileType = sourcecode.c.h; path = OSFileSource.h; sourceTree = "<group>"; };
		E6FE467F1BC7BEFD00ED97ED /* OSHashTable.h */ = {isa = PBXFileReference; lastKnownFileType = sourcecode.c.h; path = OSHashTable.h; sourceTree = "<group>"; };
		E6FE46801BC7BEFD00ED97ED /* OSHeaders.h */ = {isa = PBXFileReference; lastKnownFileType = sourcecode.c.h; path = OSHeaders.h; sourceTree = "<group>"; };
		E6FE46811BC7BEFD00ED97ED /* OSHeap.cpp */ = {isa = PBXFileReference; lastKnownFileType = sourcecode.cpp.cpp; path = OSHeap.cpp; sourceTree = "<group>"; };
		E6FE46821BC7BEFD00ED97ED /* OSHeap.h */ = {isa = PBXFileReference; lastKnownFileType = sourcecode.c.h; path = OSHeap.h; sourceTree = "<group>"; };
		E6FE46831BC7BEFD00ED97ED /* OSMemory.h */ = {isa = PBXFileReference; lastKnownFileType = sourcecode.c.h; path = OSMemory.h; sourceTree = "<group>"; };
		E6FE46841BC7BEFD00ED97ED /* OSMutex.cpp */ = {isa = PBXFileReference; lastKnownFileType = sourcecode.cpp.cpp; path = OSMutex.cpp; sourceTree = "<group>"; };
		E6FE46851BC7BEFD00ED97ED /* OSMutex.h */ = {isa = PBXFileReference; lastKnownFileType = sourcecode.c.h; path = OSMutex.h; sourceTree = "<group>"; };
		E6FE46861BC7BEFD00ED97ED /* OSMutexRW.cpp */ = {isa = PBXFileReference; lastKnownFileType = sourcecode.cpp.cpp; path = OSMutexRW.cpp; sourceTree = "<group>"; };
		E6FE46871BC7BEFD00ED97ED /* OSMutexRW.h */ = {isa = PBXFileReference; lastKnownFileType = sourcecode.c.h; path = OSMutexRW.h; sourceTree = "<group>"; };
		E6FE46881BC7BEFD00ED97ED /* OSQueue.cpp */ = {isa = PBXFileReference; lastKnownFileType = sourcecode.cpp.cpp; path = OSQueue.cpp; sourceTree = "<group>"; };
		E6FE46891BC7BEFD00ED97ED /* OSQueue.h */ = {isa = PBXFileReference; lastKnownFileType = sourcecode.c.h; path = OSQueue.h; sourceTree = "<group>"; };
		E6FE468A1BC7BEFD00ED97ED /* OSRef.cpp */ = {isa = PBXFileReference; lastKnownFileType = sourcecode.cpp.cpp; path = OSRef.cpp; sourceTree = "<group>"; };
		E6FE468B1BC7BEFD00ED97ED /* OSRef.h */ = {isa = PBXFileReference; lastKnownFileType = sourcecode.c.h; path = OSRef.h; sourceTree = "<group>"; };
		E6FE468C1BC7BEFD00ED97ED /* OSThread.cpp */ = {isa = PBXFileReference; lastKnownFileType = sourcecode.cpp.cpp; path = OSThread.cpp; sourceTree = "<group>"; };
		E6FE468D1BC7BEFD00ED97ED /* OSThread.h */ = {isa = PBXFileReference; lastKnownFileType = sourcecode.c.h; path = OSThread.h; sourceTree = "<group>"; };
		E6FE468E1BC7BEFD00ED97ED /* PathDelimiter.h */ = {isa = PBXFileReference; lastKnownFileType = sourcecode.c.h; path = PathDelimiter.h; sourceTree = "<group>"; };
		E6FE468F1BC7BEFD00ED97ED /* PLDoubleLinkedList.h */ = {isa = PBXFileReference; lastKnownFileType = sourcecode.c.h; path = PLDoubleLinkedList.h; sourceTree = "<group>"; };
		E6FE46901BC7BEFD00ED97ED /* QueryParamList.cpp */ = {isa = PBXFileReference; lastKnownFileType = sourcecode.cpp.cpp; path = QueryParamList.cpp; sourceTree = "<group>"; };
		E6FE46911BC7BEFD00ED97ED /* QueryParamList.h */ = {isa = PBXFileReference; lastKnownFileType = sourcecode.c.h; path = QueryParamList.h; sourceTree = "<group>"; };
		E6FE46921BC7BEFD00ED97ED /* ResizeableStringFormatter.cpp */ = {isa = PBXFileReference; lastKnownFileType = sourcecode.cpp.cpp; path = ResizeableStringFormatter.cpp; sourceTree = "<group>"; };
		E6FE46931BC7BEFD00ED97ED /* ResizeableStringFormatter.h */ = {isa = PBXFileReference; lastKnownFileType = sourcecode.c.h; path = ResizeableStringFormatter.h; sourceTree = "<group>"; };
		E6FE46941BC7BEFD00ED97ED /* RTComm.vcproj */ = {isa = PBXFileReference; lastKnownFileType = text.xml; path = RTComm.vcproj; sourceTree = "<group>"; };
		E6FE46951BC7BEFD00ED97ED /* RTComm.vcproj.Eric-PC.Eric.user */ = {isa = PBXFileReference; lastKnownFileType = text.xml; path = "RTComm.vcproj.Eric-PC.Eric.user"; sourceTree = "<group>"; };
		E6FE46961BC7BEFD00ED97ED /* RTComm.xcodeproj */ = {isa = PBXFileReference; lastKnownFileType = "wrapper.pb-project"; path = RTComm.xcodeproj; sourceTree = "<group>"; };
		E6FE46991BC7BEFD00ED97ED /* rtklog.h */ = {isa = PBXFileReference; lastKnownFileType = sourcecode.c.h; path = rtklog.h; sourceTree = "<group>"; };
		E6FE469A1BC7BEFD00ED97ED /* SafeStdLib.h */ = {isa = PBXFileReference; lastKnownFileType = sourcecode.c.h; path = SafeStdLib.h; sourceTree = "<group>"; };
		E6FE469B1BC7BEFD00ED97ED /* SDPUtils.cpp */ = {isa = PBXFileReference; lastKnownFileType = sourcecode.cpp.cpp; path = SDPUtils.cpp; sourceTree = "<group>"; };
		E6FE469C1BC7BEFD00ED97ED /* SDPUtils.h */ = {isa = PBXFileReference; lastKnownFileType = sourcecode.c.h; path = SDPUtils.h; sourceTree = "<group>"; };
		E6FE469D1BC7BEFD00ED97ED /* Socket.cpp */ = {isa = PBXFileReference; lastKnownFileType = sourcecode.cpp.cpp; path = Socket.cpp; sourceTree = "<group>"; };
		E6FE469E1BC7BEFD00ED97ED /* Socket.h */ = {isa = PBXFileReference; lastKnownFileType = sourcecode.c.h; path = Socket.h; sourceTree = "<group>"; };
		E6FE469F1BC7BEFD00ED97ED /* SocketUtils.cpp */ = {isa = PBXFileReference; lastKnownFileType = sourcecode.cpp.cpp; path = SocketUtils.cpp; sourceTree = "<group>"; };
		E6FE46A01BC7BEFD00ED97ED /* SocketUtils.h */ = {isa = PBXFileReference; lastKnownFileType = sourcecode.c.h; path = SocketUtils.h; sourceTree = "<group>"; };
		E6FE46A11BC7BEFD00ED97ED /* StopWatch.h */ = {isa = PBXFileReference; lastKnownFileType = sourcecode.c.h; path = StopWatch.h; sourceTree = "<group>"; };
		E6FE46A21BC7BEFD00ED97ED /* StringFormatter.cpp */ = {isa = PBXFileReference; lastKnownFileType = sourcecode.cpp.cpp; path = StringFormatter.cpp; sourceTree = "<group>"; };
		E6FE46A31BC7BEFD00ED97ED /* StringFormatter.h */ = {isa = PBXFileReference; lastKnownFileType = sourcecode.c.h; path = StringFormatter.h; sourceTree = "<group>"; };
		E6FE46A41BC7BEFD00ED97ED /* StringParser.cpp */ = {isa = PBXFileReference; lastKnownFileType = sourcecode.cpp.cpp; path = StringParser.cpp; sourceTree = "<group>"; };
		E6FE46A51BC7BEFD00ED97ED /* StringParser.h */ = {isa = PBXFileReference; lastKnownFileType = sourcecode.c.h; path = StringParser.h; sourceTree = "<group>"; };
		E6FE46A61BC7BEFD00ED97ED /* StringTranslator.cpp */ = {isa = PBXFileReference; lastKnownFileType = sourcecode.cpp.cpp; path = StringTranslator.cpp; sourceTree = "<group>"; };
		E6FE46A71BC7BEFD00ED97ED /* StringTranslator.h */ = {isa = PBXFileReference; lastKnownFileType = sourcecode.c.h; path = StringTranslator.h; sourceTree = "<group>"; };
		E6FE46A81BC7BEFD00ED97ED /* StrPtrLen.cpp */ = {isa = PBXFileReference; lastKnownFileType = sourcecode.cpp.cpp; path = StrPtrLen.cpp; sourceTree = "<group>"; };
		E6FE46A91BC7BEFD00ED97ED /* StrPtrLen.h */ = {isa = PBXFileReference; lastKnownFileType = sourcecode.c.h; path = StrPtrLen.h; sourceTree = "<group>"; };
		E6FE46AA1BC7BEFD00ED97ED /* SVector.h */ = {isa = PBXFileReference; lastKnownFileType = sourcecode.c.h; path = SVector.h; sourceTree = "<group>"; };
		E6FE46AB1BC7BEFD00ED97ED /* Task.cpp */ = {isa = PBXFileReference; lastKnownFileType = sourcecode.cpp.cpp; path = Task.cpp; sourceTree = "<group>"; };
		E6FE46AC1BC7BEFD00ED97ED /* Task.h */ = {isa = PBXFileReference; lastKnownFileType = sourcecode.c.h; path = Task.h; sourceTree = "<group>"; };
		E6FE46AD1BC7BEFD00ED97ED /* TCPListenerSocket.cpp */ = {isa = PBXFileReference; lastKnownFileType = sourcecode.cpp.cpp; path = TCPListenerSocket.cpp; sourceTree = "<group>"; };
		E6FE46AE1BC7BEFD00ED97ED /* TCPListenerSocket.h */ = {isa = PBXFileReference; lastKnownFileType = sourcecode.c.h; path = TCPListenerSocket.h; sourceTree = "<group>"; };
		E6FE46AF1BC7BEFD00ED97ED /* TCPSocket.cpp */ = {isa = PBXFileReference; lastKnownFileType = sourcecode.cpp.cpp; path = TCPSocket.cpp; sourceTree = "<group>"; };
		E6FE46B01BC7BEFD00ED97ED /* TCPSocket.h */ = {isa = PBXFileReference; lastKnownFileType = sourcecode.c.h; path = TCPSocket.h; sourceTree = "<group>"; };
		E6FE46B11BC7BEFD00ED97ED /* tempcalls.h */ = {isa = PBXFileReference; lastKnownFileType = sourcecode.c.h; path = tempcalls.h; sourceTree = "<group>"; };
		E6FE46B21BC7BEFD00ED97ED /* TimeoutTask.cpp */ = {isa = PBXFileReference; lastKnownFileType = sourcecode.cpp.cpp; path = TimeoutTask.cpp; sourceTree = "<group>"; };
		E6FE46B31BC7BEFD00ED97ED /* TimeoutTask.h */ = {isa = PBXFileReference; lastKnownFileType = sourcecode.c.h; path = TimeoutTask.h; sourceTree = "<group>"; };
		E6FE46B41BC7BEFD00ED97ED /* Trim.c */ = {isa = PBXFileReference; lastKnownFileType = sourcecode.c.c; path = Trim.c; sourceTree = "<group>"; };
		E6FE46B51BC7BEFD00ED97ED /* Trim.h */ = {isa = PBXFileReference; lastKnownFileType = sourcecode.c.h; path = Trim.h; sourceTree = "<group>"; };
		E6FE46B61BC7BEFD00ED97ED /* UDPDemuxer.cpp */ = {isa = PBXFileReference; lastKnownFileType = sourcecode.cpp.cpp; path = UDPDemuxer.cpp; sourceTree = "<group>"; };
		E6FE46B71BC7BEFD00ED97ED /* UDPDemuxer.h */ = {isa = PBXFileReference; lastKnownFileType = sourcecode.c.h; path = UDPDemuxer.h; sourceTree = "<group>"; };
		E6FE46B81BC7BEFD00ED97ED /* UDPSocket.cpp */ = {isa = PBXFileReference; lastKnownFileType = sourcecode.cpp.cpp; path = UDPSocket.cpp; sourceTree = "<group>"; };
		E6FE46B91BC7BEFD00ED97ED /* UDPSocket.h */ = {isa = PBXFileReference; lastKnownFileType = sourcecode.c.h; path = UDPSocket.h; sourceTree = "<group>"; };
		E6FE46BA1BC7BEFD00ED97ED /* UDPSocketPool.cpp */ = {isa = PBXFileReference; lastKnownFileType = sourcecode.cpp.cpp; path = UDPSocketPool.cpp; sourceTree = "<group>"; };
		E6FE46BB1BC7BEFD00ED97ED /* UDPSocketPool.h */ = {isa = PBXFileReference; lastKnownFileType = sourcecode.c.h; path = UDPSocketPool.h; sourceTree = "<group>"; };
		E6FE46BC1BC7BEFD00ED97ED /* UserAgentParser.cpp */ = {isa = PBXFileReference; lastKnownFileType = sourcecode.cpp.cpp; path = UserAgentParser.cpp; sourceTree = "<group>"; };
		E6FE46BD1BC7BEFD00ED97ED /* UserAgentParser.h */ = {isa = PBXFileReference; lastKnownFileType = sourcecode.c.h; path = UserAgentParser.h; sourceTree = "<group>"; };
		E6FE46BE1BC7BEFD00ED97ED /* win32ev.cpp */ = {isa = PBXFileReference; lastKnownFileType = sourcecode.cpp.cpp; path = win32ev.cpp; sourceTree = "<group>"; };
/* End PBXFileReference section */

/* Begin PBXGroup section */
		E6FE46411BC7BEFD00ED97ED = {
			isa = PBXGroup;
			children = (
				E6FE46471BC7BEFD00ED97ED /* .DS_Store */,
				E6FE46481BC7BEFD00ED97ED /* Android */,
				E6FE46491BC7BEFD00ED97ED /* atomic.cpp */,
				E6FE464A1BC7BEFD00ED97ED /* atomic.h */,
				E6FE464B1BC7BEFD00ED97ED /* base64.c */,
				E6FE464C1BC7BEFD00ED97ED /* base64.h */,
				E6FE464D1BC7BEFD00ED97ED /* CommonLib.vcproj.Eric-PC.Eric.user */,
				E6FE464E1BC7BEFD00ED97ED /* ConfParser.cpp */,
				E6FE464F1BC7BEFD00ED97ED /* ConfParser.h */,
				E6FE46501BC7BEFD00ED97ED /* daemon.c */,
				E6FE46511BC7BEFD00ED97ED /* daemon.h */,
				E6FE46521BC7BEFD00ED97ED /* DateTranslator.cpp */,
				E6FE46531BC7BEFD00ED97ED /* DateTranslator.h */,
				E6FE46541BC7BEFD00ED97ED /* DssStopwatch.h */,
				E6FE46551BC7BEFD00ED97ED /* epev.cpp */,
				E6FE46561BC7BEFD00ED97ED /* ev.cpp */,
				E6FE46571BC7BEFD00ED97ED /* ev.h */,
				E6FE46581BC7BEFD00ED97ED /* EventContext.cpp */,
				E6FE46591BC7BEFD00ED97ED /* EventContext.h */,
				E6FE465A1BC7BEFD00ED97ED /* FastCopyMacros.h */,
				E6FE465B1BC7BEFD00ED97ED /* getopt.c */,
				E6FE465C1BC7BEFD00ED97ED /* getopt.h */,
				E6FE465D1BC7BEFD00ED97ED /* GetWord.c */,
				E6FE465E1BC7BEFD00ED97ED /* GetWord.h */,
				E6FE465F1BC7BEFD00ED97ED /* IdleTask.cpp */,
				E6FE46601BC7BEFD00ED97ED /* IdleTask.h */,
				E6FE46611BC7BEFD00ED97ED /* InternalStdLib.cpp */,
				E6FE46621BC7BEFD00ED97ED /* libCommonUtilities.a */,
				E6FE46631BC7BEFD00ED97ED /* LinkedList.c */,
				E6FE46641BC7BEFD00ED97ED /* LinkedList.h */,
				E6FE46651BC7BEFD00ED97ED /* MakeDir.c */,
				E6FE46661BC7BEFD00ED97ED /* MakeDir.h */,
				E6FE46671BC7BEFD00ED97ED /* Makefile */,
				E6FE46681BC7BEFD00ED97ED /* Makefile.in */,
				E6FE46691BC7BEFD00ED97ED /* Makefile.POSIX */,
				E6FE466A1BC7BEFD00ED97ED /* md5.c */,
				E6FE466B1BC7BEFD00ED97ED /* md5.h */,
				E6FE466C1BC7BEFD00ED97ED /* md5digest.cpp */,
				E6FE466D1BC7BEFD00ED97ED /* md5digest.h */,
				E6FE466E1BC7BEFD00ED97ED /* MyAssert.cpp */,
				E6FE466F1BC7BEFD00ED97ED /* MyAssert.h */,
				E6FE46701BC7BEFD00ED97ED /* mycondition.cpp */,
				E6FE46711BC7BEFD00ED97ED /* mycondition.h */,
				E6FE46721BC7BEFD00ED97ED /* mymutex.cpp */,
				E6FE46731BC7BEFD00ED97ED /* mymutex.h */,
				E6FE46741BC7BEFD00ED97ED /* OS.cpp */,
				E6FE46751BC7BEFD00ED97ED /* OS.h */,
				E6FE46761BC7BEFD00ED97ED /* OSArrayObjectDeleter.h */,
				E6FE46771BC7BEFD00ED97ED /* OSBufferPool.cpp */,
				E6FE46781BC7BEFD00ED97ED /* OSBufferPool.h */,
				E6FE46791BC7BEFD00ED97ED /* OSCodeFragment.cpp */,
				E6FE467A1BC7BEFD00ED97ED /* OSCodeFragment.h */,
				E6FE467B1BC7BEFD00ED97ED /* OSCond.cpp */,
				E6FE467C1BC7BEFD00ED97ED /* OSCond.h */,
				E6FE467D1BC7BEFD00ED97ED /* OSFileSource.cpp */,
				E6FE467E1BC7BEFD00ED97ED /* OSFileSource.h */,
				E6FE467F1BC7BEFD00ED97ED /* OSHashTable.h */,
				E6FE46801BC7BEFD00ED97ED /* OSHeaders.h */,
				E6FE46811BC7BEFD00ED97ED /* OSHeap.cpp */,
				E6FE46821BC7BEFD00ED97ED /* OSHeap.h */,
				E6FE46831BC7BEFD00ED97ED /* OSMemory.h */,
				E6FE46841BC7BEFD00ED97ED /* OSMutex.cpp */,
				E6FE46851BC7BEFD00ED97ED /* OSMutex.h */,
				E6FE46861BC7BEFD00ED97ED /* OSMutexRW.cpp */,
				E6FE46871BC7BEFD00ED97ED /* OSMutexRW.h */,
				E6FE46881BC7BEFD00ED97ED /* OSQueue.cpp */,
				E6FE46891BC7BEFD00ED97ED /* OSQueue.h */,
				E6FE468A1BC7BEFD00ED97ED /* OSRef.cpp */,
				E6FE468B1BC7BEFD00ED97ED /* OSRef.h */,
				E6FE468C1BC7BEFD00ED97ED /* OSThread.cpp */,
				E6FE468D1BC7BEFD00ED97ED /* OSThread.h */,
				E6FE468E1BC7BEFD00ED97ED /* PathDelimiter.h */,
				E6FE468F1BC7BEFD00ED97ED /* PLDoubleLinkedList.h */,
				E6FE46901BC7BEFD00ED97ED /* QueryParamList.cpp */,
				E6FE46911BC7BEFD00ED97ED /* QueryParamList.h */,
				E6FE46921BC7BEFD00ED97ED /* ResizeableStringFormatter.cpp */,
				E6FE46931BC7BEFD00ED97ED /* ResizeableStringFormatter.h */,
				E6FE46941BC7BEFD00ED97ED /* RTComm.vcproj */,
				E6FE46951BC7BEFD00ED97ED /* RTComm.vcproj.Eric-PC.Eric.user */,
				E6FE46961BC7BEFD00ED97ED /* RTComm.xcodeproj */,
				E6FE46991BC7BEFD00ED97ED /* rtklog.h */,
				E6FE469A1BC7BEFD00ED97ED /* SafeStdLib.h */,
				E6FE469B1BC7BEFD00ED97ED /* SDPUtils.cpp */,
				E6FE469C1BC7BEFD00ED97ED /* SDPUtils.h */,
				E6FE469D1BC7BEFD00ED97ED /* Socket.cpp */,
				E6FE469E1BC7BEFD00ED97ED /* Socket.h */,
				E6FE469F1BC7BEFD00ED97ED /* SocketUtils.cpp */,
				E6FE46A01BC7BEFD00ED97ED /* SocketUtils.h */,
				E6FE46A11BC7BEFD00ED97ED /* StopWatch.h */,
				E6FE46A21BC7BEFD00ED97ED /* StringFormatter.cpp */,
				E6FE46A31BC7BEFD00ED97ED /* StringFormatter.h */,
				E6FE46A41BC7BEFD00ED97ED /* StringParser.cpp */,
				E6FE46A51BC7BEFD00ED97ED /* StringParser.h */,
				E6FE46A61BC7BEFD00ED97ED /* StringTranslator.cpp */,
				E6FE46A71BC7BEFD00ED97ED /* StringTranslator.h */,
				E6FE46A81BC7BEFD00ED97ED /* StrPtrLen.cpp */,
				E6FE46A91BC7BEFD00ED97ED /* StrPtrLen.h */,
				E6FE46AA1BC7BEFD00ED97ED /* SVector.h */,
				E6FE46AB1BC7BEFD00ED97ED /* Task.cpp */,
				E6FE46AC1BC7BEFD00ED97ED /* Task.h */,
				E6FE46AD1BC7BEFD00ED97ED /* TCPListenerSocket.cpp */,
				E6FE46AE1BC7BEFD00ED97ED /* TCPListenerSocket.h */,
				E6FE46AF1BC7BEFD00ED97ED /* TCPSocket.cpp */,
				E6FE46B01BC7BEFD00ED97ED /* TCPSocket.h */,
				E6FE46B11BC7BEFD00ED97ED /* tempcalls.h */,
				E6FE46B21BC7BEFD00ED97ED /* TimeoutTask.cpp */,
				E6FE46B31BC7BEFD00ED97ED /* TimeoutTask.h */,
				E6FE46B41BC7BEFD00ED97ED /* Trim.c */,
				E6FE46B51BC7BEFD00ED97ED /* Trim.h */,
				E6FE46B61BC7BEFD00ED97ED /* UDPDemuxer.cpp */,
				E6FE46B71BC7BEFD00ED97ED /* UDPDemuxer.h */,
				E6FE46B81BC7BEFD00ED97ED /* UDPSocket.cpp */,
				E6FE46B91BC7BEFD00ED97ED /* UDPSocket.h */,
				E6FE46BA1BC7BEFD00ED97ED /* UDPSocketPool.cpp */,
				E6FE46BB1BC7BEFD00ED97ED /* UDPSocketPool.h */,
				E6FE46BC1BC7BEFD00ED97ED /* UserAgentParser.cpp */,
				E6FE46BD1BC7BEFD00ED97ED /* UserAgentParser.h */,
				E6FE46BE1BC7BEFD00ED97ED /* win32ev.cpp */,
			);
			sourceTree = "<group>";
		};
		E6FE46971BC7BEFD00ED97ED /* Products */ = {
			isa = PBXGroup;
			children = (
			);
			name = Products;
			sourceTree = "<group>";
		};
/* End PBXGroup section */

/* Begin PBXLegacyTarget section */
		E6FE46461BC7BEFD00ED97ED /* RTComm */ = {
			isa = PBXLegacyTarget;
			buildArgumentsString = "$(ACTION)";
			buildConfigurationList = E6FE46C01BC7BEFD00ED97ED /* Build configuration list for PBXLegacyTarget "RTComm" */;
			buildPhases = (
			);
			buildToolPath = /usr/bin/make;
			buildWorkingDirectory = /Users/hp/Boyuan/RTConn/RTComm;
			dependencies = (
			);
			name = RTComm;
			passBuildSettingsInEnvironment = 1;
			productName = RTComm;
		};
/* End PBXLegacyTarget section */

/* Begin PBXProject section */
		E6FE46421BC7BEFD00ED97ED /* Project object */ = {
			isa = PBXProject;
			attributes = {
			};
			buildConfigurationList = E6FE46451BC7BEFD00ED97ED /* Build configuration list for PBXProject "RTComm 2" */;
			compatibilityVersion = "Xcode 3.2";
			developmentRegion = English;
			hasScannedForEncodings = 0;
			knownRegions = (
				en,
			);
			mainGroup = E6FE46411BC7BEFD00ED97ED;
			projectDirPath = "";
			projectReferences = (
				{
					ProductGroup = E6FE46971BC7BEFD00ED97ED /* Products */;
					ProjectRef = E6FE46961BC7BEFD00ED97ED /* RTComm.xcodeproj */;
				},
			);
			projectRoot = "";
			targets = (
				E6FE46461BC7BEFD00ED97ED /* RTComm */,
			);
		};
/* End PBXProject section */

/* Begin XCBuildConfiguration section */
		E6FE46431BC7BEFD00ED97ED /* Debug */ = {
			isa = XCBuildConfiguration;
			buildSettings = {
				ARCHS = "$(ARCHS_STANDARD_32_BIT)";
				COPY_PHASE_STRIP = NO;
				GCC_WARN_ABOUT_RETURN_TYPE = YES;
				GCC_WARN_UNUSED_VARIABLE = YES;
				ONLY_ACTIVE_ARCH = YES;
				SDKROOT = macosx10.6;
			};
			name = Debug;
		};
		E6FE46441BC7BEFD00ED97ED /* Release */ = {
			isa = XCBuildConfiguration;
			buildSettings = {
				ARCHS = "$(ARCHS_STANDARD_32_BIT)";
				COPY_PHASE_STRIP = YES;
				GCC_WARN_ABOUT_RETURN_TYPE = YES;
				GCC_WARN_UNUSED_VARIABLE = YES;
				SDKROOT = macosx10.6;
			};
			name = Release;
		};
		E6FE46C11BC7BEFD00ED97ED /* Debug */ = {
			isa = XCBuildConfiguration;
			buildSettings = {
				COPY_PHASE_STRIP = NO;
				DEBUGGING_SYMBOLS = YES;
				GCC_DYNAMIC_NO_PIC = NO;
				GCC_ENABLE_FIX_AND_CONTINUE = YES;
				GCC_GENERATE_DEBUGGING_SYMBOLS = YES;
				GCC_OPTIMIZATION_LEVEL = 0;
				OTHER_CFLAGS = "";
				OTHER_LDFLAGS = "";
				PRODUCT_NAME = RTComm;
			};
			name = Debug;
		};
		E6FE46C21BC7BEFD00ED97ED /* Release */ = {
			isa = XCBuildConfiguration;
			buildSettings = {
				COPY_PHASE_STRIP = YES;
				DEBUG_INFORMATION_FORMAT = "dwarf-with-dsym";
				GCC_ENABLE_FIX_AND_CONTINUE = NO;
				OTHER_CFLAGS = "";
				OTHER_LDFLAGS = "";
				PRODUCT_NAME = RTComm;
			};
			name = Release;
		};
/* End XCBuildConfiguration section */

/* Begin XCConfigurationList section */
		E6FE46451BC7BEFD00ED97ED /* Build configuration list for PBXProject "RTComm 2" */ = {
			isa = XCConfigurationList;
			buildConfigurations = (
				E6FE46431BC7BEFD00ED97ED /* Debug */,
				E6FE46441BC7BEFD00ED97ED /* Release */,
			);
			defaultConfigurationIsVisible = 0;
			defaultConfigurationName = Release;
		};
		E6FE46C01BC7BEFD00ED97ED /* Build configuration list for PBXLegacyTarget "RTComm" */ = {
			isa = XCConfigurationList;
			buildConfigurations = (
				E6FE46C11BC7BEFD00ED97ED /* Debug */,
				E6FE46C21BC7BEFD00ED97ED /* Release */,
			);
			defaultConfigurationIsVisible = 0;
			defaultConfigurationName = Release;
		};
/* End XCConfigurationList section */
	};
	rootObject = E6FE46421BC7BEFD00ED97ED /* Project object */;
}
